// !$*UTF8*$!
{
	archiveVersion = 1;
	classes = {
	};
	objectVersion = 46;
	objects = {

/* Begin PBXBuildFile section */
		00C302E51ABCBA2D00DB3ED1 /* libRCTActionSheet.a in Frameworks */ = {isa = PBXBuildFile; fileRef = 00C302AC1ABCB8CE00DB3ED1 /* libRCTActionSheet.a */; };
		00C302E71ABCBA2D00DB3ED1 /* libRCTGeolocation.a in Frameworks */ = {isa = PBXBuildFile; fileRef = 00C302BA1ABCB90400DB3ED1 /* libRCTGeolocation.a */; };
		00C302E81ABCBA2D00DB3ED1 /* libRCTImage.a in Frameworks */ = {isa = PBXBuildFile; fileRef = 00C302C01ABCB91800DB3ED1 /* libRCTImage.a */; };
		00C302E91ABCBA2D00DB3ED1 /* libRCTNetwork.a in Frameworks */ = {isa = PBXBuildFile; fileRef = 00C302DC1ABCB9D200DB3ED1 /* libRCTNetwork.a */; };
		00C302EA1ABCBA2D00DB3ED1 /* libRCTVibration.a in Frameworks */ = {isa = PBXBuildFile; fileRef = 00C302E41ABCB9EE00DB3ED1 /* libRCTVibration.a */; };
		00E356F31AD99517003FC87E /* wishboxTests.m in Sources */ = {isa = PBXBuildFile; fileRef = 00E356F21AD99517003FC87E /* wishboxTests.m */; };
		133E29F31AD74F7200F7D852 /* libRCTLinking.a in Frameworks */ = {isa = PBXBuildFile; fileRef = 78C398B91ACF4ADC00677621 /* libRCTLinking.a */; };
		139105C61AF99C1200B5F7CC /* libRCTSettings.a in Frameworks */ = {isa = PBXBuildFile; fileRef = 139105C11AF99BAD00B5F7CC /* libRCTSettings.a */; };
		139FDEF61B0652A700C62182 /* libRCTWebSocket.a in Frameworks */ = {isa = PBXBuildFile; fileRef = 139FDEF41B06529B00C62182 /* libRCTWebSocket.a */; };
		13B07FBC1A68108700A75B9A /* AppDelegate.m in Sources */ = {isa = PBXBuildFile; fileRef = 13B07FB01A68108700A75B9A /* AppDelegate.m */; };
		13B07FBD1A68108700A75B9A /* LaunchScreen.xib in Resources */ = {isa = PBXBuildFile; fileRef = 13B07FB11A68108700A75B9A /* LaunchScreen.xib */; };
		13B07FBF1A68108700A75B9A /* Images.xcassets in Resources */ = {isa = PBXBuildFile; fileRef = 13B07FB51A68108700A75B9A /* Images.xcassets */; };
		13B07FC11A68108700A75B9A /* main.m in Sources */ = {isa = PBXBuildFile; fileRef = 13B07FB71A68108700A75B9A /* main.m */; };
		140ED2AC1D01E1AD002B40FF /* libReact.a in Frameworks */ = {isa = PBXBuildFile; fileRef = 146834041AC3E56700842450 /* libReact.a */; };
		146834051AC3E58100842450 /* libReact.a in Frameworks */ = {isa = PBXBuildFile; fileRef = 146834041AC3E56700842450 /* libReact.a */; };
		181F9E2A64744E94A7E3FD41 /* Zocial.ttf in Resources */ = {isa = PBXBuildFile; fileRef = 0BC05FEA62404E8C9315D2C1 /* Zocial.ttf */; };
		183389761FC34A09A6D79592 /* EvilIcons.ttf in Resources */ = {isa = PBXBuildFile; fileRef = 8747A8161E164B93833DD311 /* EvilIcons.ttf */; };
		1A44E8737B5443FDB697345C /* libLRDRCTSimpleToast.a in Frameworks */ = {isa = PBXBuildFile; fileRef = 7E7B7A809A2D454FB7DB946E /* libLRDRCTSimpleToast.a */; };
		232A3A5B052B41EEB32AF033 /* libSplashScreen.a in Frameworks */ = {isa = PBXBuildFile; fileRef = F4827DD0D0A64D14AFA37309 /* libSplashScreen.a */; };
		2783373C88A34AA8AD3853E2 /* Ionicons.ttf in Resources */ = {isa = PBXBuildFile; fileRef = 5E200EEE5ACF42E1A35E6C64 /* Ionicons.ttf */; };
		27BB019B2B6E4E229414412D /* libyoga.a in Frameworks */ = {isa = PBXBuildFile; fileRef = AF106AC9F3634549B04AA373 /* libyoga.a */; };
		2D02E4BC1E0B4A80006451C7 /* AppDelegate.m in Sources */ = {isa = PBXBuildFile; fileRef = 13B07FB01A68108700A75B9A /* AppDelegate.m */; };
		2D02E4BD1E0B4A84006451C7 /* Images.xcassets in Resources */ = {isa = PBXBuildFile; fileRef = 13B07FB51A68108700A75B9A /* Images.xcassets */; };
		2D02E4BF1E0B4AB3006451C7 /* main.m in Sources */ = {isa = PBXBuildFile; fileRef = 13B07FB71A68108700A75B9A /* main.m */; };
		2D02E4C21E0B4AEC006451C7 /* libRCTAnimation.a in Frameworks */ = {isa = PBXBuildFile; fileRef = 5E9157351DD0AC6500FF2AA8 /* libRCTAnimation.a */; };
		2D02E4C31E0B4AEC006451C7 /* libRCTImage-tvOS.a in Frameworks */ = {isa = PBXBuildFile; fileRef = 3DAD3E841DF850E9000B6D8A /* libRCTImage-tvOS.a */; };
		2D02E4C41E0B4AEC006451C7 /* libRCTLinking-tvOS.a in Frameworks */ = {isa = PBXBuildFile; fileRef = 3DAD3E881DF850E9000B6D8A /* libRCTLinking-tvOS.a */; };
		2D02E4C51E0B4AEC006451C7 /* libRCTNetwork-tvOS.a in Frameworks */ = {isa = PBXBuildFile; fileRef = 3DAD3E8C1DF850E9000B6D8A /* libRCTNetwork-tvOS.a */; };
		2D02E4C61E0B4AEC006451C7 /* libRCTSettings-tvOS.a in Frameworks */ = {isa = PBXBuildFile; fileRef = 3DAD3E901DF850E9000B6D8A /* libRCTSettings-tvOS.a */; };
		2D02E4C71E0B4AEC006451C7 /* libRCTText-tvOS.a in Frameworks */ = {isa = PBXBuildFile; fileRef = 3DAD3E941DF850E9000B6D8A /* libRCTText-tvOS.a */; };
		2D02E4C81E0B4AEC006451C7 /* libRCTWebSocket-tvOS.a in Frameworks */ = {isa = PBXBuildFile; fileRef = 3DAD3E991DF850E9000B6D8A /* libRCTWebSocket-tvOS.a */; };
		2D02E4C91E0B4AEC006451C7 /* libReact.a in Frameworks */ = {isa = PBXBuildFile; fileRef = 3DAD3EA31DF850E9000B6D8A /* libReact.a */; };
		2DCD954D1E0B4F2C00145EB5 /* wishboxTests.m in Sources */ = {isa = PBXBuildFile; fileRef = 00E356F21AD99517003FC87E /* wishboxTests.m */; };
		3D7AF5331FA30C7600D57378 /* SystemConfiguration.framework in Frameworks */ = {isa = PBXBuildFile; fileRef = 3D9C66651EEFE67900AD0F6A /* SystemConfiguration.framework */; };
		3D8D3CE51F54683C00742D79 /* wishbox.ttf in Resources */ = {isa = PBXBuildFile; fileRef = 3D8D3CE41F54683200742D79 /* wishbox.ttf */; };
		3DF74F311EAF605900BAC5B6 /* libRCTPushNotification.a in Frameworks */ = {isa = PBXBuildFile; fileRef = 3DF74F171EAF605000BAC5B6 /* libRCTPushNotification.a */; };
		4F33E80D4F864067A4EE9BDA /* Entypo.ttf in Resources */ = {isa = PBXBuildFile; fileRef = 6A9F9486049C4AE18E824A82 /* Entypo.ttf */; };
		5E9157361DD0AC6A00FF2AA8 /* libRCTAnimation.a in Frameworks */ = {isa = PBXBuildFile; fileRef = 5E9157331DD0AC6500FF2AA8 /* libRCTAnimation.a */; };
		6698B1D7C3164C9CB2C8C7A6 /* libRNImagePicker.a in Frameworks */ = {isa = PBXBuildFile; fileRef = 82A1919EA1A14A72B6516684 /* libRNImagePicker.a */; };
		700972CA6F6F4B9FA26AAAC3 /* libRNPhotoView.a in Frameworks */ = {isa = PBXBuildFile; fileRef = D848A7732FB84C1AAFD2467C /* libRNPhotoView.a */; };
		7A8BE28CEB1944348EE2F665 /* libRCTGoogleAnalyticsBridge.a in Frameworks */ = {isa = PBXBuildFile; fileRef = 6AE5F030417949278C27731C /* libRCTGoogleAnalyticsBridge.a */; };
		832341BD1AAA6AB300B99B32 /* libRCTText.a in Frameworks */ = {isa = PBXBuildFile; fileRef = 832341B51AAA6A8300B99B32 /* libRCTText.a */; };
		8AA071B44CB14CA6832052E7 /* libz.tbd in Frameworks */ = {isa = PBXBuildFile; fileRef = 7F4EC91B81024166B8E13C3F /* libz.tbd */; };
		8F4EEE42EA1C4D10BBEE723E /* libVydiaRNFileUploader.a in Frameworks */ = {isa = PBXBuildFile; fileRef = F991B8B4A6EA4FB6859CCB13 /* libVydiaRNFileUploader.a */; };
		93223B5B22304A1A824030BC /* libReactNativeConfig.a in Frameworks */ = {isa = PBXBuildFile; fileRef = B8C6D7211A764DCFB8D573A0 /* libReactNativeConfig.a */; };
		99230A3C7DB84B329F21C977 /* MaterialCommunityIcons.ttf in Resources */ = {isa = PBXBuildFile; fileRef = D73658A1142D4D5E82BF67C8 /* MaterialCommunityIcons.ttf */; };
		A0EFE68BEEB64351BC203D38 /* libcxxreact.a in Frameworks */ = {isa = PBXBuildFile; fileRef = E64B11A9F1CC4AEFBDFAB764 /* libcxxreact.a */; };
		A10593E788C443EABC70BE63 /* FontAwesome.ttf in Resources */ = {isa = PBXBuildFile; fileRef = D2717D3D47D7423BA6E9E685 /* FontAwesome.ttf */; };
		A3D66947BD2C4B5DAE6C8C8E /* libRNNotifications.a in Frameworks */ = {isa = PBXBuildFile; fileRef = 4C1EC7E38BC943E9BDB6A7B7 /* libRNNotifications.a */; };
		A761935531404DB3B770CD66 /* libjschelpers.a in Frameworks */ = {isa = PBXBuildFile; fileRef = E3C06A0DE8F54FED960655BC /* libjschelpers.a */; };
		B75B0428C5244A68B89EA7D1 /* MaterialIcons.ttf in Resources */ = {isa = PBXBuildFile; fileRef = 778B1DB91838422D956DA1F5 /* MaterialIcons.ttf */; };
		BCE04D4A0D474CF7ABD2D1D0 /* Foundation.ttf in Resources */ = {isa = PBXBuildFile; fileRef = DFF78E99741E429A947BB392 /* Foundation.ttf */; };
		BDF0AEAC8AE94EDC98850B93 /* libCodePush.a in Frameworks */ = {isa = PBXBuildFile; fileRef = 326ACBCD1B76442F845F0453 /* libCodePush.a */; };
		CB319345130B4EC0B619B185 /* Octicons.ttf in Resources */ = {isa = PBXBuildFile; fileRef = E12341B576614F52892F4D95 /* Octicons.ttf */; };
		DBFF59652BE04B4F8DAA1291 /* CoreData.framework in Frameworks */ = {isa = PBXBuildFile; fileRef = D451762890C0449992641FF1 /* CoreData.framework */; };
		DDAE95D79E974A3FBDF1872D /* libReact.a in Frameworks */ = {isa = PBXBuildFile; fileRef = 498752D093FC4664939CC18A /* libReact.a */; };
		E1EDD10B84ED4CB28A55A1E4 /* libRNDeviceInfo.a in Frameworks */ = {isa = PBXBuildFile; fileRef = 128A959ECBDF40F2935452C8 /* libRNDeviceInfo.a */; };
		E34371EA178A4F47925FF021 /* libRNVectorIcons.a in Frameworks */ = {isa = PBXBuildFile; fileRef = 2C7F1C5B4C57407A9D2A9B23 /* libRNVectorIcons.a */; };
		E7131DCC845D48F0874BC4D5 /* SimpleLineIcons.ttf in Resources */ = {isa = PBXBuildFile; fileRef = 8CC1DF30CDC948CAA57C82B4 /* SimpleLineIcons.ttf */; };
		F53C2FFE1EF54DB4B676200C /* libsqlite3.0.tbd in Frameworks */ = {isa = PBXBuildFile; fileRef = C06F32B145C5424B8AD9E46E /* libsqlite3.0.tbd */; };
		FD7590AF88BA41499EA54A57 /* libRNFetchBlob.a in Frameworks */ = {isa = PBXBuildFile; fileRef = B0DD6070629C4DD88E760AA9 /* libRNFetchBlob.a */; };
/* End PBXBuildFile section */

/* Begin PBXContainerItemProxy section */
		00C302AB1ABCB8CE00DB3ED1 /* PBXContainerItemProxy */ = {
			isa = PBXContainerItemProxy;
			containerPortal = 00C302A71ABCB8CE00DB3ED1 /* RCTActionSheet.xcodeproj */;
			proxyType = 2;
			remoteGlobalIDString = 134814201AA4EA6300B7C361;
			remoteInfo = RCTActionSheet;
		};
		00C302B91ABCB90400DB3ED1 /* PBXContainerItemProxy */ = {
			isa = PBXContainerItemProxy;
			containerPortal = 00C302B51ABCB90400DB3ED1 /* RCTGeolocation.xcodeproj */;
			proxyType = 2;
			remoteGlobalIDString = 134814201AA4EA6300B7C361;
			remoteInfo = RCTGeolocation;
		};
		00C302BF1ABCB91800DB3ED1 /* PBXContainerItemProxy */ = {
			isa = PBXContainerItemProxy;
			containerPortal = 00C302BB1ABCB91800DB3ED1 /* RCTImage.xcodeproj */;
			proxyType = 2;
			remoteGlobalIDString = 58B5115D1A9E6B3D00147676;
			remoteInfo = RCTImage;
		};
		00C302DB1ABCB9D200DB3ED1 /* PBXContainerItemProxy */ = {
			isa = PBXContainerItemProxy;
			containerPortal = 00C302D31ABCB9D200DB3ED1 /* RCTNetwork.xcodeproj */;
			proxyType = 2;
			remoteGlobalIDString = 58B511DB1A9E6C8500147676;
			remoteInfo = RCTNetwork;
		};
		00C302E31ABCB9EE00DB3ED1 /* PBXContainerItemProxy */ = {
			isa = PBXContainerItemProxy;
			containerPortal = 00C302DF1ABCB9EE00DB3ED1 /* RCTVibration.xcodeproj */;
			proxyType = 2;
			remoteGlobalIDString = 832C81801AAF6DEF007FA2F7;
			remoteInfo = RCTVibration;
		};
		00E356F41AD99517003FC87E /* PBXContainerItemProxy */ = {
			isa = PBXContainerItemProxy;
			containerPortal = 83CBB9F71A601CBA00E9B192 /* Project object */;
			proxyType = 1;
			remoteGlobalIDString = 13B07F861A680F5B00A75B9A;
			remoteInfo = wishbox;
		};
		139105C01AF99BAD00B5F7CC /* PBXContainerItemProxy */ = {
			isa = PBXContainerItemProxy;
			containerPortal = 139105B61AF99BAD00B5F7CC /* RCTSettings.xcodeproj */;
			proxyType = 2;
			remoteGlobalIDString = 134814201AA4EA6300B7C361;
			remoteInfo = RCTSettings;
		};
		139FDEF31B06529B00C62182 /* PBXContainerItemProxy */ = {
			isa = PBXContainerItemProxy;
			containerPortal = 139FDEE61B06529A00C62182 /* RCTWebSocket.xcodeproj */;
			proxyType = 2;
			remoteGlobalIDString = 3C86DF461ADF2C930047B81A;
			remoteInfo = RCTWebSocket;
		};
		146834031AC3E56700842450 /* PBXContainerItemProxy */ = {
			isa = PBXContainerItemProxy;
			containerPortal = 146833FF1AC3E56700842450 /* React.xcodeproj */;
			proxyType = 2;
			remoteGlobalIDString = 83CBBA2E1A601D0E00E9B192;
			remoteInfo = React;
		};
		2D02E4911E0B4A5D006451C7 /* PBXContainerItemProxy */ = {
			isa = PBXContainerItemProxy;
			containerPortal = 83CBB9F71A601CBA00E9B192 /* Project object */;
			proxyType = 1;
			remoteGlobalIDString = 2D02E47A1E0B4A5D006451C7;
			remoteInfo = "wishbox-tvOS";
		};
		3D19486D1EF1842700F2595F /* PBXContainerItemProxy */ = {
			isa = PBXContainerItemProxy;
			containerPortal = 146833FF1AC3E56700842450 /* React.xcodeproj */;
			proxyType = 2;
			remoteGlobalIDString = 139D7ECE1E25DB7D00323FB7;
			remoteInfo = "third-party";
		};
		3D19486F1EF1842700F2595F /* PBXContainerItemProxy */ = {
			isa = PBXContainerItemProxy;
			containerPortal = 146833FF1AC3E56700842450 /* React.xcodeproj */;
			proxyType = 2;
			remoteGlobalIDString = 139D7E881E25C6D100323FB7;
			remoteInfo = "double-conversion";
		};
		3D1948791EF1842700F2595F /* PBXContainerItemProxy */ = {
			isa = PBXContainerItemProxy;
			containerPortal = 620FE204B4A945B69DB71CB7 /* VydiaRNFileUploader.xcodeproj */;
			proxyType = 2;
			remoteGlobalIDString = 014A3B5C1C6CF33500B6D375;
			remoteInfo = VydiaRNFileUploader;
		};
		3D427FBF1F4DF35000DBF193 /* PBXContainerItemProxy */ = {
			isa = PBXContainerItemProxy;
			containerPortal = E539C07976724668A26D7DEB /* RNPhotoView.xcodeproj */;
			proxyType = 2;
			remoteGlobalIDString = 134814201AA4EA6300B7C361;
			remoteInfo = RNPhotoView;
		};
		3D7AF5311FA30B6400D57378 /* PBXContainerItemProxy */ = {
			isa = PBXContainerItemProxy;
			containerPortal = 63AEE46827F448A6BDBE391C /* RCTGoogleAnalyticsBridge.xcodeproj */;
			proxyType = 2;
			remoteGlobalIDString = A79185C61C30694E001236A6;
			remoteInfo = RCTGoogleAnalyticsBridge;
		};
		3DA8B8891EFAEA230069D5D8 /* PBXContainerItemProxy */ = {
			isa = PBXContainerItemProxy;
			containerPortal = A7DF4E239D5C4E699495F182 /* RNFetchBlob.xcodeproj */;
			proxyType = 2;
			remoteGlobalIDString = A15C300E1CD25C330074CB35;
			remoteInfo = RNFetchBlob;
		};
		3DAD3E831DF850E9000B6D8A /* PBXContainerItemProxy */ = {
			isa = PBXContainerItemProxy;
			containerPortal = 00C302BB1ABCB91800DB3ED1 /* RCTImage.xcodeproj */;
			proxyType = 2;
			remoteGlobalIDString = 2D2A283A1D9B042B00D4039D;
			remoteInfo = "RCTImage-tvOS";
		};
		3DAD3E871DF850E9000B6D8A /* PBXContainerItemProxy */ = {
			isa = PBXContainerItemProxy;
			containerPortal = 78C398B01ACF4ADC00677621 /* RCTLinking.xcodeproj */;
			proxyType = 2;
			remoteGlobalIDString = 2D2A28471D9B043800D4039D;
			remoteInfo = "RCTLinking-tvOS";
		};
		3DAD3E8B1DF850E9000B6D8A /* PBXContainerItemProxy */ = {
			isa = PBXContainerItemProxy;
			containerPortal = 00C302D31ABCB9D200DB3ED1 /* RCTNetwork.xcodeproj */;
			proxyType = 2;
			remoteGlobalIDString = 2D2A28541D9B044C00D4039D;
			remoteInfo = "RCTNetwork-tvOS";
		};
		3DAD3E8F1DF850E9000B6D8A /* PBXContainerItemProxy */ = {
			isa = PBXContainerItemProxy;
			containerPortal = 139105B61AF99BAD00B5F7CC /* RCTSettings.xcodeproj */;
			proxyType = 2;
			remoteGlobalIDString = 2D2A28611D9B046600D4039D;
			remoteInfo = "RCTSettings-tvOS";
		};
		3DAD3E931DF850E9000B6D8A /* PBXContainerItemProxy */ = {
			isa = PBXContainerItemProxy;
			containerPortal = 832341B01AAA6A8300B99B32 /* RCTText.xcodeproj */;
			proxyType = 2;
			remoteGlobalIDString = 2D2A287B1D9B048500D4039D;
			remoteInfo = "RCTText-tvOS";
		};
		3DAD3E981DF850E9000B6D8A /* PBXContainerItemProxy */ = {
			isa = PBXContainerItemProxy;
			containerPortal = 139FDEE61B06529A00C62182 /* RCTWebSocket.xcodeproj */;
			proxyType = 2;
			remoteGlobalIDString = 2D2A28881D9B049200D4039D;
			remoteInfo = "RCTWebSocket-tvOS";
		};
		3DAD3EA21DF850E9000B6D8A /* PBXContainerItemProxy */ = {
			isa = PBXContainerItemProxy;
			containerPortal = 146833FF1AC3E56700842450 /* React.xcodeproj */;
			proxyType = 2;
			remoteGlobalIDString = 2D2A28131D9B038B00D4039D;
			remoteInfo = "React-tvOS";
		};
		3DAD3EA41DF850E9000B6D8A /* PBXContainerItemProxy */ = {
			isa = PBXContainerItemProxy;
			containerPortal = 146833FF1AC3E56700842450 /* React.xcodeproj */;
			proxyType = 2;
			remoteGlobalIDString = 3D3C059A1DE3340900C268FA;
			remoteInfo = yoga;
		};
		3DAD3EA61DF850E9000B6D8A /* PBXContainerItemProxy */ = {
			isa = PBXContainerItemProxy;
			containerPortal = 146833FF1AC3E56700842450 /* React.xcodeproj */;
			proxyType = 2;
			remoteGlobalIDString = 3D3C06751DE3340C00C268FA;
			remoteInfo = "yoga-tvOS";
		};
		3DAD3EA81DF850E9000B6D8A /* PBXContainerItemProxy */ = {
			isa = PBXContainerItemProxy;
			containerPortal = 146833FF1AC3E56700842450 /* React.xcodeproj */;
			proxyType = 2;
			remoteGlobalIDString = 3D3CD9251DE5FBEC00167DC4;
			remoteInfo = cxxreact;
		};
		3DAD3EAA1DF850E9000B6D8A /* PBXContainerItemProxy */ = {
			isa = PBXContainerItemProxy;
			containerPortal = 146833FF1AC3E56700842450 /* React.xcodeproj */;
			proxyType = 2;
			remoteGlobalIDString = 3D3CD9321DE5FBEE00167DC4;
			remoteInfo = "cxxreact-tvOS";
		};
		3DAD3EAC1DF850E9000B6D8A /* PBXContainerItemProxy */ = {
			isa = PBXContainerItemProxy;
			containerPortal = 146833FF1AC3E56700842450 /* React.xcodeproj */;
			proxyType = 2;
			remoteGlobalIDString = 3D3CD90B1DE5FBD600167DC4;
			remoteInfo = jschelpers;
		};
		3DAD3EAE1DF850E9000B6D8A /* PBXContainerItemProxy */ = {
			isa = PBXContainerItemProxy;
			containerPortal = 146833FF1AC3E56700842450 /* React.xcodeproj */;
			proxyType = 2;
			remoteGlobalIDString = 3D3CD9181DE5FBD800167DC4;
			remoteInfo = "jschelpers-tvOS";
		};
		3DB66BA31F03CE390059814E /* PBXContainerItemProxy */ = {
			isa = PBXContainerItemProxy;
			containerPortal = C82F0512C4274197A451D909 /* RNNotifications.xcodeproj */;
			proxyType = 2;
			remoteGlobalIDString = 134814201AA4EA6300B7C361;
			remoteInfo = RNNotifications;
		};
		3DD0089F1EAF5A1400199FD7 /* PBXContainerItemProxy */ = {
			isa = PBXContainerItemProxy;
			containerPortal = E3385280163842209191F7DD /* CodePush.xcodeproj */;
			proxyType = 2;
			remoteGlobalIDString = 134814201AA4EA6300B7C361;
			remoteInfo = CodePush;
		};
		3DD008A21EAF5A1400199FD7 /* PBXContainerItemProxy */ = {
			isa = PBXContainerItemProxy;
			containerPortal = B84F85D9EB654089A9EE5AD0 /* LRDRCTSimpleToast.xcodeproj */;
			proxyType = 2;
			remoteGlobalIDString = 15209BEF1D250F63000D0F44;
			remoteInfo = LRDRCTSimpleToast;
		};
		3DD008BE1EAF5A1400199FD7 /* PBXContainerItemProxy */ = {
			isa = PBXContainerItemProxy;
			containerPortal = 626D301FCBC24F2AAD3AD453 /* ReactNativeConfig.xcodeproj */;
			proxyType = 2;
			remoteGlobalIDString = EB2648DF1C7BE17A00B8F155;
			remoteInfo = ReactNativeConfig;
		};
		3DD008C11EAF5A1400199FD7 /* PBXContainerItemProxy */ = {
			isa = PBXContainerItemProxy;
			containerPortal = F0A07E2801614DB69A8E4421 /* RNDeviceInfo.xcodeproj */;
			proxyType = 2;
			remoteGlobalIDString = DA5891D81BA9A9FC002B4DB2;
			remoteInfo = RNDeviceInfo;
		};
		3DD008C51EAF5A1400199FD7 /* PBXContainerItemProxy */ = {
			isa = PBXContainerItemProxy;
			containerPortal = 0A68A65635474FDB92DBCB68 /* RNI18n.xcodeproj */;
			proxyType = 2;
			remoteGlobalIDString = CDD7BF781B2D5125006FDA75;
			remoteInfo = RNI18n;
		};
		3DD008C71EAF5A1400199FD7 /* PBXContainerItemProxy */ = {
			isa = PBXContainerItemProxy;
			containerPortal = 0A68A65635474FDB92DBCB68 /* RNI18n.xcodeproj */;
			proxyType = 2;
			remoteGlobalIDString = CDD7BF831B2D5126006FDA75;
			remoteInfo = RNI18nTests;
		};
		3DD008CA1EAF5A1400199FD7 /* PBXContainerItemProxy */ = {
			isa = PBXContainerItemProxy;
			containerPortal = 89948188A3FB485EAC24AFE0 /* RNImagePicker.xcodeproj */;
			proxyType = 2;
			remoteGlobalIDString = 014A3B5C1C6CF33500B6D375;
			remoteInfo = RNImagePicker;
		};
		3DD008CD1EAF5A1400199FD7 /* PBXContainerItemProxy */ = {
			isa = PBXContainerItemProxy;
			containerPortal = 711EBBA044C6479FA2026504 /* RNVectorIcons.xcodeproj */;
			proxyType = 2;
			remoteGlobalIDString = 5DBEB1501B18CEA900B34395;
			remoteInfo = RNVectorIcons;
		};
		3DD008D01EAF5A1400199FD7 /* PBXContainerItemProxy */ = {
			isa = PBXContainerItemProxy;
			containerPortal = 11E9612752604769B809C830 /* SplashScreen.xcodeproj */;
			proxyType = 2;
			remoteGlobalIDString = 3D7682761D8E76B80014119E;
			remoteInfo = SplashScreen;
		};
		3DF74F161EAF605000BAC5B6 /* PBXContainerItemProxy */ = {
			isa = PBXContainerItemProxy;
			containerPortal = 3DF74F051EAF605000BAC5B6 /* RCTPushNotification.xcodeproj */;
			proxyType = 2;
			remoteGlobalIDString = 134814201AA4EA6300B7C361;
			remoteInfo = RCTPushNotification;
		};
		3DF74F181EAF605000BAC5B6 /* PBXContainerItemProxy */ = {
			isa = PBXContainerItemProxy;
			containerPortal = 3DF74F051EAF605000BAC5B6 /* RCTPushNotification.xcodeproj */;
			proxyType = 2;
			remoteGlobalIDString = 3D05745F1DE6004600184BB4;
			remoteInfo = "RCTPushNotification-tvOS";
		};
		5E9157321DD0AC6500FF2AA8 /* PBXContainerItemProxy */ = {
			isa = PBXContainerItemProxy;
			containerPortal = 5E91572D1DD0AC6500FF2AA8 /* RCTAnimation.xcodeproj */;
			proxyType = 2;
			remoteGlobalIDString = 134814201AA4EA6300B7C361;
			remoteInfo = RCTAnimation;
		};
		5E9157341DD0AC6500FF2AA8 /* PBXContainerItemProxy */ = {
			isa = PBXContainerItemProxy;
			containerPortal = 5E91572D1DD0AC6500FF2AA8 /* RCTAnimation.xcodeproj */;
			proxyType = 2;
			remoteGlobalIDString = 2D2A28201D9B03D100D4039D;
			remoteInfo = "RCTAnimation-tvOS";
		};
		78C398B81ACF4ADC00677621 /* PBXContainerItemProxy */ = {
			isa = PBXContainerItemProxy;
			containerPortal = 78C398B01ACF4ADC00677621 /* RCTLinking.xcodeproj */;
			proxyType = 2;
			remoteGlobalIDString = 134814201AA4EA6300B7C361;
			remoteInfo = RCTLinking;
		};
		832341B41AAA6A8300B99B32 /* PBXContainerItemProxy */ = {
			isa = PBXContainerItemProxy;
			containerPortal = 832341B01AAA6A8300B99B32 /* RCTText.xcodeproj */;
			proxyType = 2;
			remoteGlobalIDString = 58B5119B1A9E6C1200147676;
			remoteInfo = RCTText;
		};
/* End PBXContainerItemProxy section */

/* Begin PBXFileReference section */
		008F07F21AC5B25A0029DE68 /* main.jsbundle */ = {isa = PBXFileReference; fileEncoding = 4; lastKnownFileType = text; path = main.jsbundle; sourceTree = "<group>"; };
		00C302A71ABCB8CE00DB3ED1 /* RCTActionSheet.xcodeproj */ = {isa = PBXFileReference; lastKnownFileType = "wrapper.pb-project"; name = RCTActionSheet.xcodeproj; path = "../node_modules/react-native/Libraries/ActionSheetIOS/RCTActionSheet.xcodeproj"; sourceTree = "<group>"; };
		00C302B51ABCB90400DB3ED1 /* RCTGeolocation.xcodeproj */ = {isa = PBXFileReference; lastKnownFileType = "wrapper.pb-project"; name = RCTGeolocation.xcodeproj; path = "../node_modules/react-native/Libraries/Geolocation/RCTGeolocation.xcodeproj"; sourceTree = "<group>"; };
		00C302BB1ABCB91800DB3ED1 /* RCTImage.xcodeproj */ = {isa = PBXFileReference; lastKnownFileType = "wrapper.pb-project"; name = RCTImage.xcodeproj; path = "../node_modules/react-native/Libraries/Image/RCTImage.xcodeproj"; sourceTree = "<group>"; };
		00C302D31ABCB9D200DB3ED1 /* RCTNetwork.xcodeproj */ = {isa = PBXFileReference; lastKnownFileType = "wrapper.pb-project"; name = RCTNetwork.xcodeproj; path = "../node_modules/react-native/Libraries/Network/RCTNetwork.xcodeproj"; sourceTree = "<group>"; };
		00C302DF1ABCB9EE00DB3ED1 /* RCTVibration.xcodeproj */ = {isa = PBXFileReference; lastKnownFileType = "wrapper.pb-project"; name = RCTVibration.xcodeproj; path = "../node_modules/react-native/Libraries/Vibration/RCTVibration.xcodeproj"; sourceTree = "<group>"; };
		00E356EE1AD99517003FC87E /* wishboxTests.xctest */ = {isa = PBXFileReference; explicitFileType = wrapper.cfbundle; includeInIndex = 0; path = wishboxTests.xctest; sourceTree = BUILT_PRODUCTS_DIR; };
		00E356F11AD99517003FC87E /* Info.plist */ = {isa = PBXFileReference; lastKnownFileType = text.plist.xml; path = Info.plist; sourceTree = "<group>"; };
		00E356F21AD99517003FC87E /* wishboxTests.m */ = {isa = PBXFileReference; lastKnownFileType = sourcecode.c.objc; path = wishboxTests.m; sourceTree = "<group>"; };
		0A68A65635474FDB92DBCB68 /* RNI18n.xcodeproj */ = {isa = PBXFileReference; explicitFileType = undefined; fileEncoding = 9; includeInIndex = 0; lastKnownFileType = "wrapper.pb-project"; name = RNI18n.xcodeproj; path = "../node_modules/react-native-i18n/RNI18n.xcodeproj"; sourceTree = "<group>"; };
		0BC05FEA62404E8C9315D2C1 /* Zocial.ttf */ = {isa = PBXFileReference; explicitFileType = undefined; fileEncoding = 9; includeInIndex = 0; lastKnownFileType = unknown; name = Zocial.ttf; path = "../node_modules/react-native-vector-icons/Fonts/Zocial.ttf"; sourceTree = "<group>"; };
		11E9612752604769B809C830 /* SplashScreen.xcodeproj */ = {isa = PBXFileReference; explicitFileType = undefined; fileEncoding = 9; includeInIndex = 0; lastKnownFileType = "wrapper.pb-project"; name = SplashScreen.xcodeproj; path = "../node_modules/react-native-splash-screen/ios/SplashScreen.xcodeproj"; sourceTree = "<group>"; };
		128A959ECBDF40F2935452C8 /* libRNDeviceInfo.a */ = {isa = PBXFileReference; explicitFileType = undefined; fileEncoding = 9; includeInIndex = 0; lastKnownFileType = archive.ar; path = libRNDeviceInfo.a; sourceTree = "<group>"; };
		139105B61AF99BAD00B5F7CC /* RCTSettings.xcodeproj */ = {isa = PBXFileReference; lastKnownFileType = "wrapper.pb-project"; name = RCTSettings.xcodeproj; path = "../node_modules/react-native/Libraries/Settings/RCTSettings.xcodeproj"; sourceTree = "<group>"; };
		139FDEE61B06529A00C62182 /* RCTWebSocket.xcodeproj */ = {isa = PBXFileReference; lastKnownFileType = "wrapper.pb-project"; name = RCTWebSocket.xcodeproj; path = "../node_modules/react-native/Libraries/WebSocket/RCTWebSocket.xcodeproj"; sourceTree = "<group>"; };
		13B07F961A680F5B00A75B9A /* wishbox.app */ = {isa = PBXFileReference; explicitFileType = wrapper.application; includeInIndex = 0; path = wishbox.app; sourceTree = BUILT_PRODUCTS_DIR; };
		13B07FAF1A68108700A75B9A /* AppDelegate.h */ = {isa = PBXFileReference; fileEncoding = 4; lastKnownFileType = sourcecode.c.h; name = AppDelegate.h; path = wishbox/AppDelegate.h; sourceTree = "<group>"; };
		13B07FB01A68108700A75B9A /* AppDelegate.m */ = {isa = PBXFileReference; fileEncoding = 4; lastKnownFileType = sourcecode.c.objc; name = AppDelegate.m; path = wishbox/AppDelegate.m; sourceTree = "<group>"; };
		13B07FB21A68108700A75B9A /* Base */ = {isa = PBXFileReference; lastKnownFileType = file.xib; name = Base; path = Base.lproj/LaunchScreen.xib; sourceTree = "<group>"; };
		13B07FB51A68108700A75B9A /* Images.xcassets */ = {isa = PBXFileReference; lastKnownFileType = folder.assetcatalog; name = Images.xcassets; path = wishbox/Images.xcassets; sourceTree = "<group>"; };
		13B07FB61A68108700A75B9A /* Info.plist */ = {isa = PBXFileReference; fileEncoding = 4; lastKnownFileType = text.plist.xml; name = Info.plist; path = wishbox/Info.plist; sourceTree = "<group>"; };
		13B07FB71A68108700A75B9A /* main.m */ = {isa = PBXFileReference; fileEncoding = 4; lastKnownFileType = sourcecode.c.objc; name = main.m; path = wishbox/main.m; sourceTree = "<group>"; };
		146833FF1AC3E56700842450 /* React.xcodeproj */ = {isa = PBXFileReference; lastKnownFileType = "wrapper.pb-project"; name = React.xcodeproj; path = "../node_modules/react-native/React/React.xcodeproj"; sourceTree = "<group>"; };
		2C7F1C5B4C57407A9D2A9B23 /* libRNVectorIcons.a */ = {isa = PBXFileReference; explicitFileType = undefined; fileEncoding = 9; includeInIndex = 0; lastKnownFileType = archive.ar; path = libRNVectorIcons.a; sourceTree = "<group>"; };
		2D02E47B1E0B4A5D006451C7 /* wishbox-tvOS.app */ = {isa = PBXFileReference; explicitFileType = wrapper.application; includeInIndex = 0; path = "wishbox-tvOS.app"; sourceTree = BUILT_PRODUCTS_DIR; };
		2D02E4901E0B4A5D006451C7 /* wishbox-tvOSTests.xctest */ = {isa = PBXFileReference; explicitFileType = wrapper.cfbundle; includeInIndex = 0; path = "wishbox-tvOSTests.xctest"; sourceTree = BUILT_PRODUCTS_DIR; };
		326ACBCD1B76442F845F0453 /* libCodePush.a */ = {isa = PBXFileReference; explicitFileType = undefined; fileEncoding = 9; includeInIndex = 0; lastKnownFileType = archive.ar; path = libCodePush.a; sourceTree = "<group>"; };
		3D0CFBB11EEADBFE0022BAA9 /* wishbox.entitlements */ = {isa = PBXFileReference; lastKnownFileType = text.plist.entitlements; name = wishbox.entitlements; path = wishbox/wishbox.entitlements; sourceTree = "<group>"; };
		3D8D3CE41F54683200742D79 /* wishbox.ttf */ = {isa = PBXFileReference; lastKnownFileType = file; path = wishbox.ttf; sourceTree = "<group>"; };
		3D9C665E1EEFE63B00AD0F6A /* libTestFairy.a */ = {isa = PBXFileReference; lastKnownFileType = archive.ar; name = libTestFairy.a; path = ios/libTestFairy.a; sourceTree = "<group>"; };
		3D9C66601EEFE65600AD0F6A /* CoreMedia.framework */ = {isa = PBXFileReference; lastKnownFileType = wrapper.framework; name = CoreMedia.framework; path = System/Library/Frameworks/CoreMedia.framework; sourceTree = SDKROOT; };
		3D9C66611EEFE65600AD0F6A /* CoreMotion.framework */ = {isa = PBXFileReference; lastKnownFileType = wrapper.framework; name = CoreMotion.framework; path = System/Library/Frameworks/CoreMotion.framework; sourceTree = SDKROOT; };
		3D9C66641EEFE67900AD0F6A /* AVFoundation.framework */ = {isa = PBXFileReference; lastKnownFileType = wrapper.framework; name = AVFoundation.framework; path = System/Library/Frameworks/AVFoundation.framework; sourceTree = SDKROOT; };
		3D9C66651EEFE67900AD0F6A /* SystemConfiguration.framework */ = {isa = PBXFileReference; lastKnownFileType = wrapper.framework; name = SystemConfiguration.framework; path = System/Library/Frameworks/SystemConfiguration.framework; sourceTree = SDKROOT; };
		3D9C66681EEFE68800AD0F6A /* OpenGLES.framework */ = {isa = PBXFileReference; lastKnownFileType = wrapper.framework; name = OpenGLES.framework; path = System/Library/Frameworks/OpenGLES.framework; sourceTree = SDKROOT; };
		3DF74F051EAF605000BAC5B6 /* RCTPushNotification.xcodeproj */ = {isa = PBXFileReference; lastKnownFileType = "wrapper.pb-project"; name = RCTPushNotification.xcodeproj; path = "../node_modules/react-native/Libraries/PushNotificationIOS/RCTPushNotification.xcodeproj"; sourceTree = "<group>"; };
		498752D093FC4664939CC18A /* libReact.a */ = {isa = PBXFileReference; explicitFileType = undefined; fileEncoding = 9; includeInIndex = 0; lastKnownFileType = archive.ar; path = libReact.a; sourceTree = "<group>"; };
		4C1EC7E38BC943E9BDB6A7B7 /* libRNNotifications.a */ = {isa = PBXFileReference; explicitFileType = undefined; fileEncoding = 9; includeInIndex = 0; lastKnownFileType = archive.ar; path = libRNNotifications.a; sourceTree = "<group>"; };
		5E200EEE5ACF42E1A35E6C64 /* Ionicons.ttf */ = {isa = PBXFileReference; explicitFileType = undefined; fileEncoding = 9; includeInIndex = 0; lastKnownFileType = unknown; name = Ionicons.ttf; path = "../node_modules/react-native-vector-icons/Fonts/Ionicons.ttf"; sourceTree = "<group>"; };
		5E91572D1DD0AC6500FF2AA8 /* RCTAnimation.xcodeproj */ = {isa = PBXFileReference; lastKnownFileType = "wrapper.pb-project"; name = RCTAnimation.xcodeproj; path = "../node_modules/react-native/Libraries/NativeAnimation/RCTAnimation.xcodeproj"; sourceTree = "<group>"; };
		620FE204B4A945B69DB71CB7 /* VydiaRNFileUploader.xcodeproj */ = {isa = PBXFileReference; explicitFileType = undefined; fileEncoding = 9; includeInIndex = 0; lastKnownFileType = "wrapper.pb-project"; name = VydiaRNFileUploader.xcodeproj; path = "../node_modules/react-native-background-upload/ios/VydiaRNFileUploader.xcodeproj"; sourceTree = "<group>"; };
		626D301FCBC24F2AAD3AD453 /* ReactNativeConfig.xcodeproj */ = {isa = PBXFileReference; explicitFileType = undefined; fileEncoding = 9; includeInIndex = 0; lastKnownFileType = "wrapper.pb-project"; name = ReactNativeConfig.xcodeproj; path = "../node_modules/react-native-config/ios/ReactNativeConfig.xcodeproj"; sourceTree = "<group>"; };
		63AEE46827F448A6BDBE391C /* RCTGoogleAnalyticsBridge.xcodeproj */ = {isa = PBXFileReference; explicitFileType = undefined; fileEncoding = 9; includeInIndex = 0; lastKnownFileType = "wrapper.pb-project"; name = RCTGoogleAnalyticsBridge.xcodeproj; path = "../node_modules/react-native-google-analytics-bridge/ios/RCTGoogleAnalyticsBridge/RCTGoogleAnalyticsBridge.xcodeproj"; sourceTree = "<group>"; };
		6A9F9486049C4AE18E824A82 /* Entypo.ttf */ = {isa = PBXFileReference; explicitFileType = undefined; fileEncoding = 9; includeInIndex = 0; lastKnownFileType = unknown; name = Entypo.ttf; path = "../node_modules/react-native-vector-icons/Fonts/Entypo.ttf"; sourceTree = "<group>"; };
		6AE5F030417949278C27731C /* libRCTGoogleAnalyticsBridge.a */ = {isa = PBXFileReference; explicitFileType = undefined; fileEncoding = 9; includeInIndex = 0; lastKnownFileType = archive.ar; path = libRCTGoogleAnalyticsBridge.a; sourceTree = "<group>"; };
		711EBBA044C6479FA2026504 /* RNVectorIcons.xcodeproj */ = {isa = PBXFileReference; explicitFileType = undefined; fileEncoding = 9; includeInIndex = 0; lastKnownFileType = "wrapper.pb-project"; name = RNVectorIcons.xcodeproj; path = "../node_modules/react-native-vector-icons/RNVectorIcons.xcodeproj"; sourceTree = "<group>"; };
		778B1DB91838422D956DA1F5 /* MaterialIcons.ttf */ = {isa = PBXFileReference; explicitFileType = undefined; fileEncoding = 9; includeInIndex = 0; lastKnownFileType = unknown; name = MaterialIcons.ttf; path = "../node_modules/react-native-vector-icons/Fonts/MaterialIcons.ttf"; sourceTree = "<group>"; };
		78C398B01ACF4ADC00677621 /* RCTLinking.xcodeproj */ = {isa = PBXFileReference; lastKnownFileType = "wrapper.pb-project"; name = RCTLinking.xcodeproj; path = "../node_modules/react-native/Libraries/LinkingIOS/RCTLinking.xcodeproj"; sourceTree = "<group>"; };
		7E7B7A809A2D454FB7DB946E /* libLRDRCTSimpleToast.a */ = {isa = PBXFileReference; explicitFileType = undefined; fileEncoding = 9; includeInIndex = 0; lastKnownFileType = archive.ar; path = libLRDRCTSimpleToast.a; sourceTree = "<group>"; };
		7F4EC91B81024166B8E13C3F /* libz.tbd */ = {isa = PBXFileReference; explicitFileType = undefined; fileEncoding = 9; includeInIndex = 0; lastKnownFileType = "sourcecode.text-based-dylib-definition"; name = libz.tbd; path = usr/lib/libz.tbd; sourceTree = SDKROOT; };
		82A1919EA1A14A72B6516684 /* libRNImagePicker.a */ = {isa = PBXFileReference; explicitFileType = undefined; fileEncoding = 9; includeInIndex = 0; lastKnownFileType = archive.ar; path = libRNImagePicker.a; sourceTree = "<group>"; };
		832341B01AAA6A8300B99B32 /* RCTText.xcodeproj */ = {isa = PBXFileReference; lastKnownFileType = "wrapper.pb-project"; name = RCTText.xcodeproj; path = "../node_modules/react-native/Libraries/Text/RCTText.xcodeproj"; sourceTree = "<group>"; };
		8747A8161E164B93833DD311 /* EvilIcons.ttf */ = {isa = PBXFileReference; explicitFileType = undefined; fileEncoding = 9; includeInIndex = 0; lastKnownFileType = unknown; name = EvilIcons.ttf; path = "../node_modules/react-native-vector-icons/Fonts/EvilIcons.ttf"; sourceTree = "<group>"; };
		89948188A3FB485EAC24AFE0 /* RNImagePicker.xcodeproj */ = {isa = PBXFileReference; explicitFileType = undefined; fileEncoding = 9; includeInIndex = 0; lastKnownFileType = "wrapper.pb-project"; name = RNImagePicker.xcodeproj; path = "../node_modules/react-native-image-picker/ios/RNImagePicker.xcodeproj"; sourceTree = "<group>"; };
		8CC1DF30CDC948CAA57C82B4 /* SimpleLineIcons.ttf */ = {isa = PBXFileReference; explicitFileType = undefined; fileEncoding = 9; includeInIndex = 0; lastKnownFileType = unknown; name = SimpleLineIcons.ttf; path = "../node_modules/react-native-vector-icons/Fonts/SimpleLineIcons.ttf"; sourceTree = "<group>"; };
		A7DF4E239D5C4E699495F182 /* RNFetchBlob.xcodeproj */ = {isa = PBXFileReference; explicitFileType = undefined; fileEncoding = 9; includeInIndex = 0; lastKnownFileType = "wrapper.pb-project"; name = RNFetchBlob.xcodeproj; path = "../node_modules/react-native-fetch-blob/ios/RNFetchBlob.xcodeproj"; sourceTree = "<group>"; };
		AF106AC9F3634549B04AA373 /* libyoga.a */ = {isa = PBXFileReference; explicitFileType = undefined; fileEncoding = 9; includeInIndex = 0; lastKnownFileType = archive.ar; path = libyoga.a; sourceTree = "<group>"; };
		B0DD6070629C4DD88E760AA9 /* libRNFetchBlob.a */ = {isa = PBXFileReference; explicitFileType = undefined; fileEncoding = 9; includeInIndex = 0; lastKnownFileType = archive.ar; path = libRNFetchBlob.a; sourceTree = "<group>"; };
		B84F85D9EB654089A9EE5AD0 /* LRDRCTSimpleToast.xcodeproj */ = {isa = PBXFileReference; explicitFileType = undefined; fileEncoding = 9; includeInIndex = 0; lastKnownFileType = "wrapper.pb-project"; name = LRDRCTSimpleToast.xcodeproj; path = "../node_modules/react-native-simple-toast/ios/LRDRCTSimpleToast.xcodeproj"; sourceTree = "<group>"; };
		B8C6D7211A764DCFB8D573A0 /* libReactNativeConfig.a */ = {isa = PBXFileReference; explicitFileType = undefined; fileEncoding = 9; includeInIndex = 0; lastKnownFileType = archive.ar; path = libReactNativeConfig.a; sourceTree = "<group>"; };
		C06F32B145C5424B8AD9E46E /* libsqlite3.0.tbd */ = {isa = PBXFileReference; explicitFileType = undefined; fileEncoding = 9; includeInIndex = 0; lastKnownFileType = "sourcecode.text-based-dylib-definition"; name = libsqlite3.0.tbd; path = usr/lib/libsqlite3.0.tbd; sourceTree = SDKROOT; };
		C82F0512C4274197A451D909 /* RNNotifications.xcodeproj */ = {isa = PBXFileReference; explicitFileType = undefined; fileEncoding = 9; includeInIndex = 0; lastKnownFileType = "wrapper.pb-project"; name = RNNotifications.xcodeproj; path = "../node_modules/react-native-notifications/RNNotifications/RNNotifications.xcodeproj"; sourceTree = "<group>"; };
		D2717D3D47D7423BA6E9E685 /* FontAwesome.ttf */ = {isa = PBXFileReference; explicitFileType = undefined; fileEncoding = 9; includeInIndex = 0; lastKnownFileType = unknown; name = FontAwesome.ttf; path = "../node_modules/react-native-vector-icons/Fonts/FontAwesome.ttf"; sourceTree = "<group>"; };
		D451762890C0449992641FF1 /* CoreData.framework */ = {isa = PBXFileReference; explicitFileType = undefined; fileEncoding = 9; includeInIndex = 0; lastKnownFileType = wrapper.framework; name = CoreData.framework; path = System/Library/Frameworks/CoreData.framework; sourceTree = SDKROOT; };
		D73658A1142D4D5E82BF67C8 /* MaterialCommunityIcons.ttf */ = {isa = PBXFileReference; explicitFileType = undefined; fileEncoding = 9; includeInIndex = 0; lastKnownFileType = unknown; name = MaterialCommunityIcons.ttf; path = "../node_modules/react-native-vector-icons/Fonts/MaterialCommunityIcons.ttf"; sourceTree = "<group>"; };
		D848A7732FB84C1AAFD2467C /* libRNPhotoView.a */ = {isa = PBXFileReference; explicitFileType = undefined; fileEncoding = 9; includeInIndex = 0; lastKnownFileType = archive.ar; path = libRNPhotoView.a; sourceTree = "<group>"; };
		DFF78E99741E429A947BB392 /* Foundation.ttf */ = {isa = PBXFileReference; explicitFileType = undefined; fileEncoding = 9; includeInIndex = 0; lastKnownFileType = unknown; name = Foundation.ttf; path = "../node_modules/react-native-vector-icons/Fonts/Foundation.ttf"; sourceTree = "<group>"; };
		E12341B576614F52892F4D95 /* Octicons.ttf */ = {isa = PBXFileReference; explicitFileType = undefined; fileEncoding = 9; includeInIndex = 0; lastKnownFileType = unknown; name = Octicons.ttf; path = "../node_modules/react-native-vector-icons/Fonts/Octicons.ttf"; sourceTree = "<group>"; };
		E3385280163842209191F7DD /* CodePush.xcodeproj */ = {isa = PBXFileReference; explicitFileType = undefined; fileEncoding = 9; includeInIndex = 0; lastKnownFileType = "wrapper.pb-project"; name = CodePush.xcodeproj; path = "../node_modules/react-native-code-push/ios/CodePush.xcodeproj"; sourceTree = "<group>"; };
		E3C06A0DE8F54FED960655BC /* libjschelpers.a */ = {isa = PBXFileReference; explicitFileType = undefined; fileEncoding = 9; includeInIndex = 0; lastKnownFileType = archive.ar; path = libjschelpers.a; sourceTree = "<group>"; };
		E539C07976724668A26D7DEB /* RNPhotoView.xcodeproj */ = {isa = PBXFileReference; explicitFileType = undefined; fileEncoding = 9; includeInIndex = 0; lastKnownFileType = "wrapper.pb-project"; name = RNPhotoView.xcodeproj; path = "../node_modules/react-native-photo-view/ios/RNPhotoView.xcodeproj"; sourceTree = "<group>"; };
		E64B11A9F1CC4AEFBDFAB764 /* libcxxreact.a */ = {isa = PBXFileReference; explicitFileType = undefined; fileEncoding = 9; includeInIndex = 0; lastKnownFileType = archive.ar; path = libcxxreact.a; sourceTree = "<group>"; };
		F0A07E2801614DB69A8E4421 /* RNDeviceInfo.xcodeproj */ = {isa = PBXFileReference; explicitFileType = undefined; fileEncoding = 9; includeInIndex = 0; lastKnownFileType = "wrapper.pb-project"; name = RNDeviceInfo.xcodeproj; path = "../node_modules/react-native-device-info/RNDeviceInfo.xcodeproj"; sourceTree = "<group>"; };
		F4827DD0D0A64D14AFA37309 /* libSplashScreen.a */ = {isa = PBXFileReference; explicitFileType = undefined; fileEncoding = 9; includeInIndex = 0; lastKnownFileType = archive.ar; path = libSplashScreen.a; sourceTree = "<group>"; };
		F991B8B4A6EA4FB6859CCB13 /* libVydiaRNFileUploader.a */ = {isa = PBXFileReference; explicitFileType = undefined; fileEncoding = 9; includeInIndex = 0; lastKnownFileType = archive.ar; path = libVydiaRNFileUploader.a; sourceTree = "<group>"; };
/* End PBXFileReference section */

/* Begin PBXFrameworksBuildPhase section */
		00E356EB1AD99517003FC87E /* Frameworks */ = {
			isa = PBXFrameworksBuildPhase;
			buildActionMask = 2147483647;
			files = (
				140ED2AC1D01E1AD002B40FF /* libReact.a in Frameworks */,
			);
			runOnlyForDeploymentPostprocessing = 0;
		};
		13B07F8C1A680F5B00A75B9A /* Frameworks */ = {
			isa = PBXFrameworksBuildPhase;
			buildActionMask = 2147483647;
			files = (
				3D7AF5331FA30C7600D57378 /* SystemConfiguration.framework in Frameworks */,
				146834051AC3E58100842450 /* libReact.a in Frameworks */,
				5E9157361DD0AC6A00FF2AA8 /* libRCTAnimation.a in Frameworks */,
				00C302E51ABCBA2D00DB3ED1 /* libRCTActionSheet.a in Frameworks */,
				00C302E71ABCBA2D00DB3ED1 /* libRCTGeolocation.a in Frameworks */,
				00C302E81ABCBA2D00DB3ED1 /* libRCTImage.a in Frameworks */,
				133E29F31AD74F7200F7D852 /* libRCTLinking.a in Frameworks */,
				00C302E91ABCBA2D00DB3ED1 /* libRCTNetwork.a in Frameworks */,
				139105C61AF99C1200B5F7CC /* libRCTSettings.a in Frameworks */,
				832341BD1AAA6AB300B99B32 /* libRCTText.a in Frameworks */,
				00C302EA1ABCBA2D00DB3ED1 /* libRCTVibration.a in Frameworks */,
				139FDEF61B0652A700C62182 /* libRCTWebSocket.a in Frameworks */,
				3DF74F311EAF605900BAC5B6 /* libRCTPushNotification.a in Frameworks */,
				93223B5B22304A1A824030BC /* libReactNativeConfig.a in Frameworks */,
				E1EDD10B84ED4CB28A55A1E4 /* libRNDeviceInfo.a in Frameworks */,
				E34371EA178A4F47925FF021 /* libRNVectorIcons.a in Frameworks */,
				DDAE95D79E974A3FBDF1872D /* libReact.a in Frameworks */,
				27BB019B2B6E4E229414412D /* libyoga.a in Frameworks */,
				A0EFE68BEEB64351BC203D38 /* libcxxreact.a in Frameworks */,
				A761935531404DB3B770CD66 /* libjschelpers.a in Frameworks */,
				BDF0AEAC8AE94EDC98850B93 /* libCodePush.a in Frameworks */,
				8AA071B44CB14CA6832052E7 /* libz.tbd in Frameworks */,
				6698B1D7C3164C9CB2C8C7A6 /* libRNImagePicker.a in Frameworks */,
				1A44E8737B5443FDB697345C /* libLRDRCTSimpleToast.a in Frameworks */,
				232A3A5B052B41EEB32AF033 /* libSplashScreen.a in Frameworks */,
				8F4EEE42EA1C4D10BBEE723E /* libVydiaRNFileUploader.a in Frameworks */,
				FD7590AF88BA41499EA54A57 /* libRNFetchBlob.a in Frameworks */,
				A3D66947BD2C4B5DAE6C8C8E /* libRNNotifications.a in Frameworks */,
				700972CA6F6F4B9FA26AAAC3 /* libRNPhotoView.a in Frameworks */,
				7A8BE28CEB1944348EE2F665 /* libRCTGoogleAnalyticsBridge.a in Frameworks */,
				DBFF59652BE04B4F8DAA1291 /* CoreData.framework in Frameworks */,
				F53C2FFE1EF54DB4B676200C /* libsqlite3.0.tbd in Frameworks */,
			);
			runOnlyForDeploymentPostprocessing = 0;
		};
		2D02E4781E0B4A5D006451C7 /* Frameworks */ = {
			isa = PBXFrameworksBuildPhase;
			buildActionMask = 2147483647;
			files = (
				2D02E4C91E0B4AEC006451C7 /* libReact.a in Frameworks */,
				2D02E4C21E0B4AEC006451C7 /* libRCTAnimation.a in Frameworks */,
				2D02E4C31E0B4AEC006451C7 /* libRCTImage-tvOS.a in Frameworks */,
				2D02E4C41E0B4AEC006451C7 /* libRCTLinking-tvOS.a in Frameworks */,
				2D02E4C51E0B4AEC006451C7 /* libRCTNetwork-tvOS.a in Frameworks */,
				2D02E4C61E0B4AEC006451C7 /* libRCTSettings-tvOS.a in Frameworks */,
				2D02E4C71E0B4AEC006451C7 /* libRCTText-tvOS.a in Frameworks */,
				2D02E4C81E0B4AEC006451C7 /* libRCTWebSocket-tvOS.a in Frameworks */,
			);
			runOnlyForDeploymentPostprocessing = 0;
		};
		2D02E48D1E0B4A5D006451C7 /* Frameworks */ = {
			isa = PBXFrameworksBuildPhase;
			buildActionMask = 2147483647;
			files = (
			);
			runOnlyForDeploymentPostprocessing = 0;
		};
/* End PBXFrameworksBuildPhase section */

/* Begin PBXGroup section */
		00C302A81ABCB8CE00DB3ED1 /* Products */ = {
			isa = PBXGroup;
			children = (
				00C302AC1ABCB8CE00DB3ED1 /* libRCTActionSheet.a */,
			);
			name = Products;
			sourceTree = "<group>";
		};
		00C302B61ABCB90400DB3ED1 /* Products */ = {
			isa = PBXGroup;
			children = (
				00C302BA1ABCB90400DB3ED1 /* libRCTGeolocation.a */,
			);
			name = Products;
			sourceTree = "<group>";
		};
		00C302BC1ABCB91800DB3ED1 /* Products */ = {
			isa = PBXGroup;
			children = (
				00C302C01ABCB91800DB3ED1 /* libRCTImage.a */,
				3DAD3E841DF850E9000B6D8A /* libRCTImage-tvOS.a */,
			);
			name = Products;
			sourceTree = "<group>";
		};
		00C302D41ABCB9D200DB3ED1 /* Products */ = {
			isa = PBXGroup;
			children = (
				00C302DC1ABCB9D200DB3ED1 /* libRCTNetwork.a */,
				3DAD3E8C1DF850E9000B6D8A /* libRCTNetwork-tvOS.a */,
			);
			name = Products;
			sourceTree = "<group>";
		};
		00C302E01ABCB9EE00DB3ED1 /* Products */ = {
			isa = PBXGroup;
			children = (
				00C302E41ABCB9EE00DB3ED1 /* libRCTVibration.a */,
			);
			name = Products;
			sourceTree = "<group>";
		};
		00E356EF1AD99517003FC87E /* wishboxTests */ = {
			isa = PBXGroup;
			children = (
				00E356F21AD99517003FC87E /* wishboxTests.m */,
				00E356F01AD99517003FC87E /* Supporting Files */,
			);
			path = wishboxTests;
			sourceTree = "<group>";
		};
		00E356F01AD99517003FC87E /* Supporting Files */ = {
			isa = PBXGroup;
			children = (
				00E356F11AD99517003FC87E /* Info.plist */,
			);
			name = "Supporting Files";
			sourceTree = "<group>";
		};
		139105B71AF99BAD00B5F7CC /* Products */ = {
			isa = PBXGroup;
			children = (
				139105C11AF99BAD00B5F7CC /* libRCTSettings.a */,
				3DAD3E901DF850E9000B6D8A /* libRCTSettings-tvOS.a */,
			);
			name = Products;
			sourceTree = "<group>";
		};
		139FDEE71B06529A00C62182 /* Products */ = {
			isa = PBXGroup;
			children = (
				139FDEF41B06529B00C62182 /* libRCTWebSocket.a */,
				3DAD3E991DF850E9000B6D8A /* libRCTWebSocket-tvOS.a */,
			);
			name = Products;
			sourceTree = "<group>";
		};
		13B07FAE1A68108700A75B9A /* wishbox */ = {
			isa = PBXGroup;
			children = (
				3D0CFBB11EEADBFE0022BAA9 /* wishbox.entitlements */,
				008F07F21AC5B25A0029DE68 /* main.jsbundle */,
				13B07FAF1A68108700A75B9A /* AppDelegate.h */,
				13B07FB01A68108700A75B9A /* AppDelegate.m */,
				13B07FB51A68108700A75B9A /* Images.xcassets */,
				13B07FB61A68108700A75B9A /* Info.plist */,
				13B07FB11A68108700A75B9A /* LaunchScreen.xib */,
				13B07FB71A68108700A75B9A /* main.m */,
			);
			name = wishbox;
			sourceTree = "<group>";
		};
		146834001AC3E56700842450 /* Products */ = {
			isa = PBXGroup;
			children = (
				146834041AC3E56700842450 /* libReact.a */,
				3DAD3EA31DF850E9000B6D8A /* libReact.a */,
				3DAD3EA51DF850E9000B6D8A /* libyoga.a */,
				3DAD3EA71DF850E9000B6D8A /* libyoga.a */,
				3DAD3EA91DF850E9000B6D8A /* libcxxreact.a */,
				3DAD3EAB1DF850E9000B6D8A /* libcxxreact.a */,
				3DAD3EAD1DF850E9000B6D8A /* libjschelpers.a */,
				3DAD3EAF1DF850E9000B6D8A /* libjschelpers.a */,
				3D19486E1EF1842700F2595F /* libthird-party.a */,
				3D1948701EF1842700F2595F /* libdouble-conversion.a */,
			);
			name = Products;
			sourceTree = "<group>";
		};
		3D19484C1EF1842700F2595F /* Products */ = {
			isa = PBXGroup;
			children = (
				3D19487A1EF1842700F2595F /* libVydiaRNFileUploader.a */,
			);
			name = Products;
			sourceTree = "<group>";
		};
		3D19CB321F75A0AF00AB2470 /* Recovered References */ = {
			isa = PBXGroup;
			children = (
				B8C6D7211A764DCFB8D573A0 /* libReactNativeConfig.a */,
				128A959ECBDF40F2935452C8 /* libRNDeviceInfo.a */,
				2C7F1C5B4C57407A9D2A9B23 /* libRNVectorIcons.a */,
				498752D093FC4664939CC18A /* libReact.a */,
				AF106AC9F3634549B04AA373 /* libyoga.a */,
				E64B11A9F1CC4AEFBDFAB764 /* libcxxreact.a */,
				E3C06A0DE8F54FED960655BC /* libjschelpers.a */,
				326ACBCD1B76442F845F0453 /* libCodePush.a */,
				82A1919EA1A14A72B6516684 /* libRNImagePicker.a */,
				7E7B7A809A2D454FB7DB946E /* libLRDRCTSimpleToast.a */,
				F4827DD0D0A64D14AFA37309 /* libSplashScreen.a */,
				F991B8B4A6EA4FB6859CCB13 /* libVydiaRNFileUploader.a */,
				B0DD6070629C4DD88E760AA9 /* libRNFetchBlob.a */,
				4C1EC7E38BC943E9BDB6A7B7 /* libRNNotifications.a */,
				D848A7732FB84C1AAFD2467C /* libRNPhotoView.a */,
				6AE5F030417949278C27731C /* libRCTGoogleAnalyticsBridge.a */,
			);
			name = "Recovered References";
			sourceTree = "<group>";
		};
		3D427F961F4DF35000DBF193 /* Products */ = {
			isa = PBXGroup;
			children = (
				3D427FC01F4DF35000DBF193 /* libRNPhotoView.a */,
			);
			name = Products;
			sourceTree = "<group>";
		};
		3D7AF52E1FA30B6400D57378 /* Products */ = {
			isa = PBXGroup;
			children = (
				3D7AF5321FA30B6400D57378 /* libRCTGoogleAnalyticsBridge.a */,
			);
			name = Products;
			sourceTree = "<group>";
		};
		3DA8B8651EFAEA230069D5D8 /* Products */ = {
			isa = PBXGroup;
			children = (
				3DA8B88A1EFAEA230069D5D8 /* libRNFetchBlob.a */,
			);
			name = Products;
			sourceTree = "<group>";
		};
		3DB66B7B1F03CE390059814E /* Products */ = {
			isa = PBXGroup;
			children = (
				3DB66BA41F03CE390059814E /* libRNNotifications.a */,
			);
			name = Products;
			sourceTree = "<group>";
		};
		3DD0088C1EAF5A1400199FD7 /* Products */ = {
			isa = PBXGroup;
			children = (
				3DD008BF1EAF5A1400199FD7 /* libReactNativeConfig.a */,
			);
			name = Products;
			sourceTree = "<group>";
		};
		3DD0088E1EAF5A1400199FD7 /* Products */ = {
			isa = PBXGroup;
			children = (
				3DD008C21EAF5A1400199FD7 /* libRNDeviceInfo.a */,
			);
			name = Products;
			sourceTree = "<group>";
		};
		3DD008901EAF5A1400199FD7 /* Products */ = {
			isa = PBXGroup;
			children = (
				3DD008CE1EAF5A1400199FD7 /* libRNVectorIcons.a */,
			);
			name = Products;
			sourceTree = "<group>";
		};
		3DD008921EAF5A1400199FD7 /* Products */ = {
			isa = PBXGroup;
			children = (
				3DD008C61EAF5A1400199FD7 /* libRNI18n.a */,
				3DD008C81EAF5A1400199FD7 /* RNI18nTests.xctest */,
			);
			name = Products;
			sourceTree = "<group>";
		};
		3DD008961EAF5A1400199FD7 /* Products */ = {
			isa = PBXGroup;
			children = (
				3DD008A01EAF5A1400199FD7 /* libCodePush.a */,
			);
			name = Products;
			sourceTree = "<group>";
		};
		3DD008981EAF5A1400199FD7 /* Products */ = {
			isa = PBXGroup;
			children = (
				3DD008CB1EAF5A1400199FD7 /* libRNImagePicker.a */,
			);
			name = Products;
			sourceTree = "<group>";
		};
		3DD0089A1EAF5A1400199FD7 /* Products */ = {
			isa = PBXGroup;
			children = (
				3DD008A31EAF5A1400199FD7 /* libLRDRCTSimpleToast.a */,
			);
			name = Products;
			sourceTree = "<group>";
		};
		3DD0089C1EAF5A1400199FD7 /* Products */ = {
			isa = PBXGroup;
			children = (
				3DD008D11EAF5A1400199FD7 /* libSplashScreen.a */,
			);
			name = Products;
			sourceTree = "<group>";
		};
		3DF74F061EAF605000BAC5B6 /* Products */ = {
			isa = PBXGroup;
			children = (
				3DF74F171EAF605000BAC5B6 /* libRCTPushNotification.a */,
				3DF74F191EAF605000BAC5B6 /* libRCTPushNotification-tvOS.a */,
			);
			name = Products;
			sourceTree = "<group>";
		};
		5E91572E1DD0AC6500FF2AA8 /* Products */ = {
			isa = PBXGroup;
			children = (
				5E9157331DD0AC6500FF2AA8 /* libRCTAnimation.a */,
				5E9157351DD0AC6500FF2AA8 /* libRCTAnimation.a */,
			);
			name = Products;
			sourceTree = "<group>";
		};
		769E52199A7D4D8183C9CB8A /* Resources */ = {
			isa = PBXGroup;
			children = (
				6A9F9486049C4AE18E824A82 /* Entypo.ttf */,
				8747A8161E164B93833DD311 /* EvilIcons.ttf */,
				D2717D3D47D7423BA6E9E685 /* FontAwesome.ttf */,
				DFF78E99741E429A947BB392 /* Foundation.ttf */,
				5E200EEE5ACF42E1A35E6C64 /* Ionicons.ttf */,
				3D8D3CE41F54683200742D79 /* wishbox.ttf */,
				D73658A1142D4D5E82BF67C8 /* MaterialCommunityIcons.ttf */,
				778B1DB91838422D956DA1F5 /* MaterialIcons.ttf */,
				E12341B576614F52892F4D95 /* Octicons.ttf */,
				8CC1DF30CDC948CAA57C82B4 /* SimpleLineIcons.ttf */,
				0BC05FEA62404E8C9315D2C1 /* Zocial.ttf */,
			);
			name = Resources;
			sourceTree = "<group>";
		};
		78C398B11ACF4ADC00677621 /* Products */ = {
			isa = PBXGroup;
			children = (
				78C398B91ACF4ADC00677621 /* libRCTLinking.a */,
				3DAD3E881DF850E9000B6D8A /* libRCTLinking-tvOS.a */,
			);
			name = Products;
			sourceTree = "<group>";
		};
		832341AE1AAA6A7D00B99B32 /* Libraries */ = {
			isa = PBXGroup;
			children = (
				3DF74F051EAF605000BAC5B6 /* RCTPushNotification.xcodeproj */,
				5E91572D1DD0AC6500FF2AA8 /* RCTAnimation.xcodeproj */,
				146833FF1AC3E56700842450 /* React.xcodeproj */,
				00C302A71ABCB8CE00DB3ED1 /* RCTActionSheet.xcodeproj */,
				00C302B51ABCB90400DB3ED1 /* RCTGeolocation.xcodeproj */,
				00C302BB1ABCB91800DB3ED1 /* RCTImage.xcodeproj */,
				78C398B01ACF4ADC00677621 /* RCTLinking.xcodeproj */,
				00C302D31ABCB9D200DB3ED1 /* RCTNetwork.xcodeproj */,
				139105B61AF99BAD00B5F7CC /* RCTSettings.xcodeproj */,
				832341B01AAA6A8300B99B32 /* RCTText.xcodeproj */,
				00C302DF1ABCB9EE00DB3ED1 /* RCTVibration.xcodeproj */,
				139FDEE61B06529A00C62182 /* RCTWebSocket.xcodeproj */,
				626D301FCBC24F2AAD3AD453 /* ReactNativeConfig.xcodeproj */,
				F0A07E2801614DB69A8E4421 /* RNDeviceInfo.xcodeproj */,
				711EBBA044C6479FA2026504 /* RNVectorIcons.xcodeproj */,
				0A68A65635474FDB92DBCB68 /* RNI18n.xcodeproj */,
				E3385280163842209191F7DD /* CodePush.xcodeproj */,
				89948188A3FB485EAC24AFE0 /* RNImagePicker.xcodeproj */,
				B84F85D9EB654089A9EE5AD0 /* LRDRCTSimpleToast.xcodeproj */,
				11E9612752604769B809C830 /* SplashScreen.xcodeproj */,
				620FE204B4A945B69DB71CB7 /* VydiaRNFileUploader.xcodeproj */,
				A7DF4E239D5C4E699495F182 /* RNFetchBlob.xcodeproj */,
				C82F0512C4274197A451D909 /* RNNotifications.xcodeproj */,
				E539C07976724668A26D7DEB /* RNPhotoView.xcodeproj */,
				63AEE46827F448A6BDBE391C /* RCTGoogleAnalyticsBridge.xcodeproj */,
			);
			name = Libraries;
			sourceTree = "<group>";
		};
		832341B11AAA6A8300B99B32 /* Products */ = {
			isa = PBXGroup;
			children = (
				832341B51AAA6A8300B99B32 /* libRCTText.a */,
				3DAD3E941DF850E9000B6D8A /* libRCTText-tvOS.a */,
			);
			name = Products;
			sourceTree = "<group>";
		};
		83CBB9F61A601CBA00E9B192 = {
			isa = PBXGroup;
			children = (
				13B07FAE1A68108700A75B9A /* wishbox */,
				832341AE1AAA6A7D00B99B32 /* Libraries */,
				00E356EF1AD99517003FC87E /* wishboxTests */,
				83CBBA001A601CBA00E9B192 /* Products */,
				769E52199A7D4D8183C9CB8A /* Resources */,
				BB89DC4B657E41B78550ECB8 /* Frameworks */,
				3D19CB321F75A0AF00AB2470 /* Recovered References */,
			);
			indentWidth = 2;
			sourceTree = "<group>";
			tabWidth = 2;
		};
		83CBBA001A601CBA00E9B192 /* Products */ = {
			isa = PBXGroup;
			children = (
				13B07F961A680F5B00A75B9A /* wishbox.app */,
				00E356EE1AD99517003FC87E /* wishboxTests.xctest */,
				2D02E47B1E0B4A5D006451C7 /* wishbox-tvOS.app */,
				2D02E4901E0B4A5D006451C7 /* wishbox-tvOSTests.xctest */,
			);
			name = Products;
			sourceTree = "<group>";
		};
		BB89DC4B657E41B78550ECB8 /* Frameworks */ = {
			isa = PBXGroup;
			children = (
				3D9C66681EEFE68800AD0F6A /* OpenGLES.framework */,
				3D9C66641EEFE67900AD0F6A /* AVFoundation.framework */,
				3D9C66651EEFE67900AD0F6A /* SystemConfiguration.framework */,
				3D9C66601EEFE65600AD0F6A /* CoreMedia.framework */,
				3D9C66611EEFE65600AD0F6A /* CoreMotion.framework */,
				3D9C665E1EEFE63B00AD0F6A /* libTestFairy.a */,
				7F4EC91B81024166B8E13C3F /* libz.tbd */,
				D451762890C0449992641FF1 /* CoreData.framework */,
				C06F32B145C5424B8AD9E46E /* libsqlite3.0.tbd */,
			);
			name = Frameworks;
			sourceTree = "<group>";
		};
/* End PBXGroup section */

/* Begin PBXNativeTarget section */
		00E356ED1AD99517003FC87E /* wishboxTests */ = {
			isa = PBXNativeTarget;
			buildConfigurationList = 00E357021AD99517003FC87E /* Build configuration list for PBXNativeTarget "wishboxTests" */;
			buildPhases = (
				00E356EA1AD99517003FC87E /* Sources */,
				00E356EB1AD99517003FC87E /* Frameworks */,
				00E356EC1AD99517003FC87E /* Resources */,
			);
			buildRules = (
			);
			dependencies = (
				00E356F51AD99517003FC87E /* PBXTargetDependency */,
			);
			name = wishboxTests;
			productName = wishboxTests;
			productReference = 00E356EE1AD99517003FC87E /* wishboxTests.xctest */;
			productType = "com.apple.product-type.bundle.unit-test";
		};
		13B07F861A680F5B00A75B9A /* wishbox */ = {
			isa = PBXNativeTarget;
			buildConfigurationList = 13B07F931A680F5B00A75B9A /* Build configuration list for PBXNativeTarget "wishbox" */;
			buildPhases = (
				13B07F871A680F5B00A75B9A /* Sources */,
				13B07F8C1A680F5B00A75B9A /* Frameworks */,
				13B07F8E1A680F5B00A75B9A /* Resources */,
				00DD1BFF1BD5951E006B06BC /* Bundle React Native code and images */,
			);
			buildRules = (
			);
			dependencies = (
			);
			name = wishbox;
			productName = "Hello World";
			productReference = 13B07F961A680F5B00A75B9A /* wishbox.app */;
			productType = "com.apple.product-type.application";
		};
		2D02E47A1E0B4A5D006451C7 /* wishbox-tvOS */ = {
			isa = PBXNativeTarget;
			buildConfigurationList = 2D02E4BA1E0B4A5E006451C7 /* Build configuration list for PBXNativeTarget "wishbox-tvOS" */;
			buildPhases = (
				2D02E4771E0B4A5D006451C7 /* Sources */,
				2D02E4781E0B4A5D006451C7 /* Frameworks */,
				2D02E4791E0B4A5D006451C7 /* Resources */,
				2D02E4CB1E0B4B27006451C7 /* Bundle React Native Code And Images */,
			);
			buildRules = (
			);
			dependencies = (
			);
			name = "wishbox-tvOS";
			productName = "wishbox-tvOS";
			productReference = 2D02E47B1E0B4A5D006451C7 /* wishbox-tvOS.app */;
			productType = "com.apple.product-type.application";
		};
		2D02E48F1E0B4A5D006451C7 /* wishbox-tvOSTests */ = {
			isa = PBXNativeTarget;
			buildConfigurationList = 2D02E4BB1E0B4A5E006451C7 /* Build configuration list for PBXNativeTarget "wishbox-tvOSTests" */;
			buildPhases = (
				2D02E48C1E0B4A5D006451C7 /* Sources */,
				2D02E48D1E0B4A5D006451C7 /* Frameworks */,
				2D02E48E1E0B4A5D006451C7 /* Resources */,
			);
			buildRules = (
			);
			dependencies = (
				2D02E4921E0B4A5D006451C7 /* PBXTargetDependency */,
			);
			name = "wishbox-tvOSTests";
			productName = "wishbox-tvOSTests";
			productReference = 2D02E4901E0B4A5D006451C7 /* wishbox-tvOSTests.xctest */;
			productType = "com.apple.product-type.bundle.unit-test";
		};
/* End PBXNativeTarget section */

/* Begin PBXProject section */
		83CBB9F71A601CBA00E9B192 /* Project object */ = {
			isa = PBXProject;
			attributes = {
				LastUpgradeCheck = 900;
				ORGANIZATIONNAME = Facebook;
				TargetAttributes = {
					00E356ED1AD99517003FC87E = {
						CreatedOnToolsVersion = 6.2;
						DevelopmentTeam = 488B4W32U2;
						TestTargetID = 13B07F861A680F5B00A75B9A;
					};
					13B07F861A680F5B00A75B9A = {
						DevelopmentTeam = 488B4W32U2;
						SystemCapabilities = {
							com.apple.BackgroundModes = {
								enabled = 1;
							};
							com.apple.Push = {
								enabled = 1;
							};
						};
					};
					2D02E47A1E0B4A5D006451C7 = {
						CreatedOnToolsVersion = 8.2.1;
						ProvisioningStyle = Automatic;
					};
					2D02E48F1E0B4A5D006451C7 = {
						CreatedOnToolsVersion = 8.2.1;
						ProvisioningStyle = Automatic;
						TestTargetID = 2D02E47A1E0B4A5D006451C7;
					};
				};
			};
			buildConfigurationList = 83CBB9FA1A601CBA00E9B192 /* Build configuration list for PBXProject "wishbox" */;
			compatibilityVersion = "Xcode 3.2";
			developmentRegion = English;
			hasScannedForEncodings = 0;
			knownRegions = (
				en,
				Base,
			);
			mainGroup = 83CBB9F61A601CBA00E9B192;
			productRefGroup = 83CBBA001A601CBA00E9B192 /* Products */;
			projectDirPath = "";
			projectReferences = (
				{
					ProductGroup = 3DD008961EAF5A1400199FD7 /* Products */;
					ProjectRef = E3385280163842209191F7DD /* CodePush.xcodeproj */;
				},
				{
					ProductGroup = 3DD0089A1EAF5A1400199FD7 /* Products */;
					ProjectRef = B84F85D9EB654089A9EE5AD0 /* LRDRCTSimpleToast.xcodeproj */;
				},
				{
					ProductGroup = 00C302A81ABCB8CE00DB3ED1 /* Products */;
					ProjectRef = 00C302A71ABCB8CE00DB3ED1 /* RCTActionSheet.xcodeproj */;
				},
				{
					ProductGroup = 5E91572E1DD0AC6500FF2AA8 /* Products */;
					ProjectRef = 5E91572D1DD0AC6500FF2AA8 /* RCTAnimation.xcodeproj */;
				},
				{
					ProductGroup = 00C302B61ABCB90400DB3ED1 /* Products */;
					ProjectRef = 00C302B51ABCB90400DB3ED1 /* RCTGeolocation.xcodeproj */;
				},
				{
					ProductGroup = 3D7AF52E1FA30B6400D57378 /* Products */;
					ProjectRef = 63AEE46827F448A6BDBE391C /* RCTGoogleAnalyticsBridge.xcodeproj */;
				},
				{
					ProductGroup = 00C302BC1ABCB91800DB3ED1 /* Products */;
					ProjectRef = 00C302BB1ABCB91800DB3ED1 /* RCTImage.xcodeproj */;
				},
				{
					ProductGroup = 78C398B11ACF4ADC00677621 /* Products */;
					ProjectRef = 78C398B01ACF4ADC00677621 /* RCTLinking.xcodeproj */;
				},
				{
					ProductGroup = 00C302D41ABCB9D200DB3ED1 /* Products */;
					ProjectRef = 00C302D31ABCB9D200DB3ED1 /* RCTNetwork.xcodeproj */;
				},
				{
					ProductGroup = 3DF74F061EAF605000BAC5B6 /* Products */;
					ProjectRef = 3DF74F051EAF605000BAC5B6 /* RCTPushNotification.xcodeproj */;
				},
				{
					ProductGroup = 139105B71AF99BAD00B5F7CC /* Products */;
					ProjectRef = 139105B61AF99BAD00B5F7CC /* RCTSettings.xcodeproj */;
				},
				{
					ProductGroup = 832341B11AAA6A8300B99B32 /* Products */;
					ProjectRef = 832341B01AAA6A8300B99B32 /* RCTText.xcodeproj */;
				},
				{
					ProductGroup = 00C302E01ABCB9EE00DB3ED1 /* Products */;
					ProjectRef = 00C302DF1ABCB9EE00DB3ED1 /* RCTVibration.xcodeproj */;
				},
				{
					ProductGroup = 139FDEE71B06529A00C62182 /* Products */;
					ProjectRef = 139FDEE61B06529A00C62182 /* RCTWebSocket.xcodeproj */;
				},
				{
					ProductGroup = 146834001AC3E56700842450 /* Products */;
					ProjectRef = 146833FF1AC3E56700842450 /* React.xcodeproj */;
				},
				{
					ProductGroup = 3DD0088C1EAF5A1400199FD7 /* Products */;
					ProjectRef = 626D301FCBC24F2AAD3AD453 /* ReactNativeConfig.xcodeproj */;
				},
				{
					ProductGroup = 3DD0088E1EAF5A1400199FD7 /* Products */;
					ProjectRef = F0A07E2801614DB69A8E4421 /* RNDeviceInfo.xcodeproj */;
				},
				{
					ProductGroup = 3DA8B8651EFAEA230069D5D8 /* Products */;
					ProjectRef = A7DF4E239D5C4E699495F182 /* RNFetchBlob.xcodeproj */;
				},
				{
					ProductGroup = 3DD008921EAF5A1400199FD7 /* Products */;
					ProjectRef = 0A68A65635474FDB92DBCB68 /* RNI18n.xcodeproj */;
				},
				{
					ProductGroup = 3DD008981EAF5A1400199FD7 /* Products */;
					ProjectRef = 89948188A3FB485EAC24AFE0 /* RNImagePicker.xcodeproj */;
				},
				{
					ProductGroup = 3DB66B7B1F03CE390059814E /* Products */;
					ProjectRef = C82F0512C4274197A451D909 /* RNNotifications.xcodeproj */;
				},
				{
					ProductGroup = 3D427F961F4DF35000DBF193 /* Products */;
					ProjectRef = E539C07976724668A26D7DEB /* RNPhotoView.xcodeproj */;
				},
				{
					ProductGroup = 3DD008901EAF5A1400199FD7 /* Products */;
					ProjectRef = 711EBBA044C6479FA2026504 /* RNVectorIcons.xcodeproj */;
				},
				{
					ProductGroup = 3DD0089C1EAF5A1400199FD7 /* Products */;
					ProjectRef = 11E9612752604769B809C830 /* SplashScreen.xcodeproj */;
				},
				{
					ProductGroup = 3D19484C1EF1842700F2595F /* Products */;
					ProjectRef = 620FE204B4A945B69DB71CB7 /* VydiaRNFileUploader.xcodeproj */;
				},
			);
			projectRoot = "";
			targets = (
				13B07F861A680F5B00A75B9A /* wishbox */,
				00E356ED1AD99517003FC87E /* wishboxTests */,
				2D02E47A1E0B4A5D006451C7 /* wishbox-tvOS */,
				2D02E48F1E0B4A5D006451C7 /* wishbox-tvOSTests */,
			);
		};
/* End PBXProject section */

/* Begin PBXReferenceProxy section */
		00C302AC1ABCB8CE00DB3ED1 /* libRCTActionSheet.a */ = {
			isa = PBXReferenceProxy;
			fileType = archive.ar;
			path = libRCTActionSheet.a;
			remoteRef = 00C302AB1ABCB8CE00DB3ED1 /* PBXContainerItemProxy */;
			sourceTree = BUILT_PRODUCTS_DIR;
		};
		00C302BA1ABCB90400DB3ED1 /* libRCTGeolocation.a */ = {
			isa = PBXReferenceProxy;
			fileType = archive.ar;
			path = libRCTGeolocation.a;
			remoteRef = 00C302B91ABCB90400DB3ED1 /* PBXContainerItemProxy */;
			sourceTree = BUILT_PRODUCTS_DIR;
		};
		00C302C01ABCB91800DB3ED1 /* libRCTImage.a */ = {
			isa = PBXReferenceProxy;
			fileType = archive.ar;
			path = libRCTImage.a;
			remoteRef = 00C302BF1ABCB91800DB3ED1 /* PBXContainerItemProxy */;
			sourceTree = BUILT_PRODUCTS_DIR;
		};
		00C302DC1ABCB9D200DB3ED1 /* libRCTNetwork.a */ = {
			isa = PBXReferenceProxy;
			fileType = archive.ar;
			path = libRCTNetwork.a;
			remoteRef = 00C302DB1ABCB9D200DB3ED1 /* PBXContainerItemProxy */;
			sourceTree = BUILT_PRODUCTS_DIR;
		};
		00C302E41ABCB9EE00DB3ED1 /* libRCTVibration.a */ = {
			isa = PBXReferenceProxy;
			fileType = archive.ar;
			path = libRCTVibration.a;
			remoteRef = 00C302E31ABCB9EE00DB3ED1 /* PBXContainerItemProxy */;
			sourceTree = BUILT_PRODUCTS_DIR;
		};
		139105C11AF99BAD00B5F7CC /* libRCTSettings.a */ = {
			isa = PBXReferenceProxy;
			fileType = archive.ar;
			path = libRCTSettings.a;
			remoteRef = 139105C01AF99BAD00B5F7CC /* PBXContainerItemProxy */;
			sourceTree = BUILT_PRODUCTS_DIR;
		};
		139FDEF41B06529B00C62182 /* libRCTWebSocket.a */ = {
			isa = PBXReferenceProxy;
			fileType = archive.ar;
			path = libRCTWebSocket.a;
			remoteRef = 139FDEF31B06529B00C62182 /* PBXContainerItemProxy */;
			sourceTree = BUILT_PRODUCTS_DIR;
		};
		146834041AC3E56700842450 /* libReact.a */ = {
			isa = PBXReferenceProxy;
			fileType = archive.ar;
			path = libReact.a;
			remoteRef = 146834031AC3E56700842450 /* PBXContainerItemProxy */;
			sourceTree = BUILT_PRODUCTS_DIR;
		};
		3D19486E1EF1842700F2595F /* libthird-party.a */ = {
			isa = PBXReferenceProxy;
			fileType = archive.ar;
			path = "libthird-party.a";
			remoteRef = 3D19486D1EF1842700F2595F /* PBXContainerItemProxy */;
			sourceTree = BUILT_PRODUCTS_DIR;
		};
		3D1948701EF1842700F2595F /* libdouble-conversion.a */ = {
			isa = PBXReferenceProxy;
			fileType = archive.ar;
			path = "libdouble-conversion.a";
			remoteRef = 3D19486F1EF1842700F2595F /* PBXContainerItemProxy */;
			sourceTree = BUILT_PRODUCTS_DIR;
		};
		3D19487A1EF1842700F2595F /* libVydiaRNFileUploader.a */ = {
			isa = PBXReferenceProxy;
			fileType = archive.ar;
			path = libVydiaRNFileUploader.a;
			remoteRef = 3D1948791EF1842700F2595F /* PBXContainerItemProxy */;
			sourceTree = BUILT_PRODUCTS_DIR;
		};
		3D427FC01F4DF35000DBF193 /* libRNPhotoView.a */ = {
			isa = PBXReferenceProxy;
			fileType = archive.ar;
			path = libRNPhotoView.a;
			remoteRef = 3D427FBF1F4DF35000DBF193 /* PBXContainerItemProxy */;
			sourceTree = BUILT_PRODUCTS_DIR;
		};
		3D7AF5321FA30B6400D57378 /* libRCTGoogleAnalyticsBridge.a */ = {
			isa = PBXReferenceProxy;
			fileType = archive.ar;
			path = libRCTGoogleAnalyticsBridge.a;
			remoteRef = 3D7AF5311FA30B6400D57378 /* PBXContainerItemProxy */;
			sourceTree = BUILT_PRODUCTS_DIR;
		};
		3DA8B88A1EFAEA230069D5D8 /* libRNFetchBlob.a */ = {
			isa = PBXReferenceProxy;
			fileType = archive.ar;
			path = libRNFetchBlob.a;
			remoteRef = 3DA8B8891EFAEA230069D5D8 /* PBXContainerItemProxy */;
			sourceTree = BUILT_PRODUCTS_DIR;
		};
		3DAD3E841DF850E9000B6D8A /* libRCTImage-tvOS.a */ = {
			isa = PBXReferenceProxy;
			fileType = archive.ar;
			path = "libRCTImage-tvOS.a";
			remoteRef = 3DAD3E831DF850E9000B6D8A /* PBXContainerItemProxy */;
			sourceTree = BUILT_PRODUCTS_DIR;
		};
		3DAD3E881DF850E9000B6D8A /* libRCTLinking-tvOS.a */ = {
			isa = PBXReferenceProxy;
			fileType = archive.ar;
			path = "libRCTLinking-tvOS.a";
			remoteRef = 3DAD3E871DF850E9000B6D8A /* PBXContainerItemProxy */;
			sourceTree = BUILT_PRODUCTS_DIR;
		};
		3DAD3E8C1DF850E9000B6D8A /* libRCTNetwork-tvOS.a */ = {
			isa = PBXReferenceProxy;
			fileType = archive.ar;
			path = "libRCTNetwork-tvOS.a";
			remoteRef = 3DAD3E8B1DF850E9000B6D8A /* PBXContainerItemProxy */;
			sourceTree = BUILT_PRODUCTS_DIR;
		};
		3DAD3E901DF850E9000B6D8A /* libRCTSettings-tvOS.a */ = {
			isa = PBXReferenceProxy;
			fileType = archive.ar;
			path = "libRCTSettings-tvOS.a";
			remoteRef = 3DAD3E8F1DF850E9000B6D8A /* PBXContainerItemProxy */;
			sourceTree = BUILT_PRODUCTS_DIR;
		};
		3DAD3E941DF850E9000B6D8A /* libRCTText-tvOS.a */ = {
			isa = PBXReferenceProxy;
			fileType = archive.ar;
			path = "libRCTText-tvOS.a";
			remoteRef = 3DAD3E931DF850E9000B6D8A /* PBXContainerItemProxy */;
			sourceTree = BUILT_PRODUCTS_DIR;
		};
		3DAD3E991DF850E9000B6D8A /* libRCTWebSocket-tvOS.a */ = {
			isa = PBXReferenceProxy;
			fileType = archive.ar;
			path = "libRCTWebSocket-tvOS.a";
			remoteRef = 3DAD3E981DF850E9000B6D8A /* PBXContainerItemProxy */;
			sourceTree = BUILT_PRODUCTS_DIR;
		};
		3DAD3EA31DF850E9000B6D8A /* libReact.a */ = {
			isa = PBXReferenceProxy;
			fileType = archive.ar;
			path = libReact.a;
			remoteRef = 3DAD3EA21DF850E9000B6D8A /* PBXContainerItemProxy */;
			sourceTree = BUILT_PRODUCTS_DIR;
		};
		3DAD3EA51DF850E9000B6D8A /* libyoga.a */ = {
			isa = PBXReferenceProxy;
			fileType = archive.ar;
			path = libyoga.a;
			remoteRef = 3DAD3EA41DF850E9000B6D8A /* PBXContainerItemProxy */;
			sourceTree = BUILT_PRODUCTS_DIR;
		};
		3DAD3EA71DF850E9000B6D8A /* libyoga.a */ = {
			isa = PBXReferenceProxy;
			fileType = archive.ar;
			path = libyoga.a;
			remoteRef = 3DAD3EA61DF850E9000B6D8A /* PBXContainerItemProxy */;
			sourceTree = BUILT_PRODUCTS_DIR;
		};
		3DAD3EA91DF850E9000B6D8A /* libcxxreact.a */ = {
			isa = PBXReferenceProxy;
			fileType = archive.ar;
			path = libcxxreact.a;
			remoteRef = 3DAD3EA81DF850E9000B6D8A /* PBXContainerItemProxy */;
			sourceTree = BUILT_PRODUCTS_DIR;
		};
		3DAD3EAB1DF850E9000B6D8A /* libcxxreact.a */ = {
			isa = PBXReferenceProxy;
			fileType = archive.ar;
			path = libcxxreact.a;
			remoteRef = 3DAD3EAA1DF850E9000B6D8A /* PBXContainerItemProxy */;
			sourceTree = BUILT_PRODUCTS_DIR;
		};
		3DAD3EAD1DF850E9000B6D8A /* libjschelpers.a */ = {
			isa = PBXReferenceProxy;
			fileType = archive.ar;
			path = libjschelpers.a;
			remoteRef = 3DAD3EAC1DF850E9000B6D8A /* PBXContainerItemProxy */;
			sourceTree = BUILT_PRODUCTS_DIR;
		};
		3DAD3EAF1DF850E9000B6D8A /* libjschelpers.a */ = {
			isa = PBXReferenceProxy;
			fileType = archive.ar;
			path = libjschelpers.a;
			remoteRef = 3DAD3EAE1DF850E9000B6D8A /* PBXContainerItemProxy */;
			sourceTree = BUILT_PRODUCTS_DIR;
		};
		3DB66BA41F03CE390059814E /* libRNNotifications.a */ = {
			isa = PBXReferenceProxy;
			fileType = archive.ar;
			path = libRNNotifications.a;
			remoteRef = 3DB66BA31F03CE390059814E /* PBXContainerItemProxy */;
			sourceTree = BUILT_PRODUCTS_DIR;
		};
		3DD008A01EAF5A1400199FD7 /* libCodePush.a */ = {
			isa = PBXReferenceProxy;
			fileType = archive.ar;
			path = libCodePush.a;
			remoteRef = 3DD0089F1EAF5A1400199FD7 /* PBXContainerItemProxy */;
			sourceTree = BUILT_PRODUCTS_DIR;
		};
		3DD008A31EAF5A1400199FD7 /* libLRDRCTSimpleToast.a */ = {
			isa = PBXReferenceProxy;
			fileType = archive.ar;
			path = libLRDRCTSimpleToast.a;
			remoteRef = 3DD008A21EAF5A1400199FD7 /* PBXContainerItemProxy */;
			sourceTree = BUILT_PRODUCTS_DIR;
		};
		3DD008BF1EAF5A1400199FD7 /* libReactNativeConfig.a */ = {
			isa = PBXReferenceProxy;
			fileType = archive.ar;
			path = libReactNativeConfig.a;
			remoteRef = 3DD008BE1EAF5A1400199FD7 /* PBXContainerItemProxy */;
			sourceTree = BUILT_PRODUCTS_DIR;
		};
		3DD008C21EAF5A1400199FD7 /* libRNDeviceInfo.a */ = {
			isa = PBXReferenceProxy;
			fileType = archive.ar;
			path = libRNDeviceInfo.a;
			remoteRef = 3DD008C11EAF5A1400199FD7 /* PBXContainerItemProxy */;
			sourceTree = BUILT_PRODUCTS_DIR;
		};
		3DD008C61EAF5A1400199FD7 /* libRNI18n.a */ = {
			isa = PBXReferenceProxy;
			fileType = archive.ar;
			path = libRNI18n.a;
			remoteRef = 3DD008C51EAF5A1400199FD7 /* PBXContainerItemProxy */;
			sourceTree = BUILT_PRODUCTS_DIR;
		};
		3DD008C81EAF5A1400199FD7 /* RNI18nTests.xctest */ = {
			isa = PBXReferenceProxy;
			fileType = wrapper.cfbundle;
			path = RNI18nTests.xctest;
			remoteRef = 3DD008C71EAF5A1400199FD7 /* PBXContainerItemProxy */;
			sourceTree = BUILT_PRODUCTS_DIR;
		};
		3DD008CB1EAF5A1400199FD7 /* libRNImagePicker.a */ = {
			isa = PBXReferenceProxy;
			fileType = archive.ar;
			path = libRNImagePicker.a;
			remoteRef = 3DD008CA1EAF5A1400199FD7 /* PBXContainerItemProxy */;
			sourceTree = BUILT_PRODUCTS_DIR;
		};
		3DD008CE1EAF5A1400199FD7 /* libRNVectorIcons.a */ = {
			isa = PBXReferenceProxy;
			fileType = archive.ar;
			path = libRNVectorIcons.a;
			remoteRef = 3DD008CD1EAF5A1400199FD7 /* PBXContainerItemProxy */;
			sourceTree = BUILT_PRODUCTS_DIR;
		};
		3DD008D11EAF5A1400199FD7 /* libSplashScreen.a */ = {
			isa = PBXReferenceProxy;
			fileType = archive.ar;
			path = libSplashScreen.a;
			remoteRef = 3DD008D01EAF5A1400199FD7 /* PBXContainerItemProxy */;
			sourceTree = BUILT_PRODUCTS_DIR;
		};
		3DF74F171EAF605000BAC5B6 /* libRCTPushNotification.a */ = {
			isa = PBXReferenceProxy;
			fileType = archive.ar;
			path = libRCTPushNotification.a;
			remoteRef = 3DF74F161EAF605000BAC5B6 /* PBXContainerItemProxy */;
			sourceTree = BUILT_PRODUCTS_DIR;
		};
		3DF74F191EAF605000BAC5B6 /* libRCTPushNotification-tvOS.a */ = {
			isa = PBXReferenceProxy;
			fileType = archive.ar;
			path = "libRCTPushNotification-tvOS.a";
			remoteRef = 3DF74F181EAF605000BAC5B6 /* PBXContainerItemProxy */;
			sourceTree = BUILT_PRODUCTS_DIR;
		};
		5E9157331DD0AC6500FF2AA8 /* libRCTAnimation.a */ = {
			isa = PBXReferenceProxy;
			fileType = archive.ar;
			path = libRCTAnimation.a;
			remoteRef = 5E9157321DD0AC6500FF2AA8 /* PBXContainerItemProxy */;
			sourceTree = BUILT_PRODUCTS_DIR;
		};
		5E9157351DD0AC6500FF2AA8 /* libRCTAnimation.a */ = {
			isa = PBXReferenceProxy;
			fileType = archive.ar;
			path = libRCTAnimation.a;
			remoteRef = 5E9157341DD0AC6500FF2AA8 /* PBXContainerItemProxy */;
			sourceTree = BUILT_PRODUCTS_DIR;
		};
		78C398B91ACF4ADC00677621 /* libRCTLinking.a */ = {
			isa = PBXReferenceProxy;
			fileType = archive.ar;
			path = libRCTLinking.a;
			remoteRef = 78C398B81ACF4ADC00677621 /* PBXContainerItemProxy */;
			sourceTree = BUILT_PRODUCTS_DIR;
		};
		832341B51AAA6A8300B99B32 /* libRCTText.a */ = {
			isa = PBXReferenceProxy;
			fileType = archive.ar;
			path = libRCTText.a;
			remoteRef = 832341B41AAA6A8300B99B32 /* PBXContainerItemProxy */;
			sourceTree = BUILT_PRODUCTS_DIR;
		};
/* End PBXReferenceProxy section */

/* Begin PBXResourcesBuildPhase section */
		00E356EC1AD99517003FC87E /* Resources */ = {
			isa = PBXResourcesBuildPhase;
			buildActionMask = 2147483647;
			files = (
			);
			runOnlyForDeploymentPostprocessing = 0;
		};
		13B07F8E1A680F5B00A75B9A /* Resources */ = {
			isa = PBXResourcesBuildPhase;
			buildActionMask = 2147483647;
			files = (
				3D8D3CE51F54683C00742D79 /* wishbox.ttf in Resources */,
				13B07FBF1A68108700A75B9A /* Images.xcassets in Resources */,
				13B07FBD1A68108700A75B9A /* LaunchScreen.xib in Resources */,
				4F33E80D4F864067A4EE9BDA /* Entypo.ttf in Resources */,
				183389761FC34A09A6D79592 /* EvilIcons.ttf in Resources */,
				A10593E788C443EABC70BE63 /* FontAwesome.ttf in Resources */,
				BCE04D4A0D474CF7ABD2D1D0 /* Foundation.ttf in Resources */,
				2783373C88A34AA8AD3853E2 /* Ionicons.ttf in Resources */,
				99230A3C7DB84B329F21C977 /* MaterialCommunityIcons.ttf in Resources */,
				B75B0428C5244A68B89EA7D1 /* MaterialIcons.ttf in Resources */,
				CB319345130B4EC0B619B185 /* Octicons.ttf in Resources */,
				E7131DCC845D48F0874BC4D5 /* SimpleLineIcons.ttf in Resources */,
				181F9E2A64744E94A7E3FD41 /* Zocial.ttf in Resources */,
			);
			runOnlyForDeploymentPostprocessing = 0;
		};
		2D02E4791E0B4A5D006451C7 /* Resources */ = {
			isa = PBXResourcesBuildPhase;
			buildActionMask = 2147483647;
			files = (
				2D02E4BD1E0B4A84006451C7 /* Images.xcassets in Resources */,
			);
			runOnlyForDeploymentPostprocessing = 0;
		};
		2D02E48E1E0B4A5D006451C7 /* Resources */ = {
			isa = PBXResourcesBuildPhase;
			buildActionMask = 2147483647;
			files = (
			);
			runOnlyForDeploymentPostprocessing = 0;
		};
/* End PBXResourcesBuildPhase section */

/* Begin PBXShellScriptBuildPhase section */
		00DD1BFF1BD5951E006B06BC /* Bundle React Native code and images */ = {
			isa = PBXShellScriptBuildPhase;
			buildActionMask = 2147483647;
			files = (
			);
			inputPaths = (
			);
			name = "Bundle React Native code and images";
			outputPaths = (
			);
			runOnlyForDeploymentPostprocessing = 0;
			shellPath = /bin/sh;
			shellScript = "export NODE_BINARY=node\n../node_modules/react-native/packager/react-native-xcode.sh";
		};
		2D02E4CB1E0B4B27006451C7 /* Bundle React Native Code And Images */ = {
			isa = PBXShellScriptBuildPhase;
			buildActionMask = 2147483647;
			files = (
			);
			inputPaths = (
			);
			name = "Bundle React Native Code And Images";
			outputPaths = (
			);
			runOnlyForDeploymentPostprocessing = 0;
			shellPath = /bin/sh;
			shellScript = "export NODE_BINARY=node\n../node_modules/react-native/packager/react-native-xcode.sh";
		};
/* End PBXShellScriptBuildPhase section */

/* Begin PBXSourcesBuildPhase section */
		00E356EA1AD99517003FC87E /* Sources */ = {
			isa = PBXSourcesBuildPhase;
			buildActionMask = 2147483647;
			files = (
				00E356F31AD99517003FC87E /* wishboxTests.m in Sources */,
			);
			runOnlyForDeploymentPostprocessing = 0;
		};
		13B07F871A680F5B00A75B9A /* Sources */ = {
			isa = PBXSourcesBuildPhase;
			buildActionMask = 2147483647;
			files = (
				13B07FBC1A68108700A75B9A /* AppDelegate.m in Sources */,
				13B07FC11A68108700A75B9A /* main.m in Sources */,
			);
			runOnlyForDeploymentPostprocessing = 0;
		};
		2D02E4771E0B4A5D006451C7 /* Sources */ = {
			isa = PBXSourcesBuildPhase;
			buildActionMask = 2147483647;
			files = (
				2D02E4BF1E0B4AB3006451C7 /* main.m in Sources */,
				2D02E4BC1E0B4A80006451C7 /* AppDelegate.m in Sources */,
			);
			runOnlyForDeploymentPostprocessing = 0;
		};
		2D02E48C1E0B4A5D006451C7 /* Sources */ = {
			isa = PBXSourcesBuildPhase;
			buildActionMask = 2147483647;
			files = (
				2DCD954D1E0B4F2C00145EB5 /* wishboxTests.m in Sources */,
			);
			runOnlyForDeploymentPostprocessing = 0;
		};
/* End PBXSourcesBuildPhase section */

/* Begin PBXTargetDependency section */
		00E356F51AD99517003FC87E /* PBXTargetDependency */ = {
			isa = PBXTargetDependency;
			target = 13B07F861A680F5B00A75B9A /* wishbox */;
			targetProxy = 00E356F41AD99517003FC87E /* PBXContainerItemProxy */;
		};
		2D02E4921E0B4A5D006451C7 /* PBXTargetDependency */ = {
			isa = PBXTargetDependency;
			target = 2D02E47A1E0B4A5D006451C7 /* wishbox-tvOS */;
			targetProxy = 2D02E4911E0B4A5D006451C7 /* PBXContainerItemProxy */;
		};
/* End PBXTargetDependency section */

/* Begin PBXVariantGroup section */
		13B07FB11A68108700A75B9A /* LaunchScreen.xib */ = {
			isa = PBXVariantGroup;
			children = (
				13B07FB21A68108700A75B9A /* Base */,
			);
			name = LaunchScreen.xib;
			path = wishbox;
			sourceTree = "<group>";
		};
/* End PBXVariantGroup section */

/* Begin XCBuildConfiguration section */
		00E356F61AD99517003FC87E /* Debug */ = {
			isa = XCBuildConfiguration;
			buildSettings = {
				BUNDLE_LOADER = "$(TEST_HOST)";
				DEVELOPMENT_TEAM = 488B4W32U2;
				GCC_PREPROCESSOR_DEFINITIONS = (
					"DEBUG=1",
					"$(inherited)",
				);
				HEADER_SEARCH_PATHS = (
					"$(inherited)",
					"$(SRCROOT)/../node_modules/react-native-config/ios/ReactNativeConfig",
					"$(SRCROOT)/../node_modules/react-native-device-info/RNDeviceInfo",
					"$(SRCROOT)/../node_modules/react-native-vector-icons/RNVectorIconsManager",
					"$(SRCROOT)/../node_modules/react-native-i18n/RNI18n",
					"$(SRCROOT)/../node_modules/react-native-code-push/ios/CodePush/**",
					"$(SRCROOT)/../node_modules/react-native-image-picker/ios",
					"$(SRCROOT)/../node_modules/react-native-simple-toast/ios/LRDRCTSimpleToast",
					"$(SRCROOT)/../node_modules/react-native-splash-screen/ios",
					"$(SRCROOT)/../node_modules/react-native-fetch-blob/ios/**",
					"$(SRCROOT)/../node_modules/react-native-notifications/RNNotifications",
					"$(SRCROOT)/../node_modules/react-native-photo-view/ios/**",
					"$(SRCROOT)/../node_modules/react-native-google-analytics-bridge/ios/RCTGoogleAnalyticsBridge/**",
				);
				INFOPLIST_FILE = wishboxTests/Info.plist;
				IPHONEOS_DEPLOYMENT_TARGET = 8.0;
				LD_RUNPATH_SEARCH_PATHS = "$(inherited) @executable_path/Frameworks @loader_path/Frameworks";
				LIBRARY_SEARCH_PATHS = (
					"$(inherited)",
					"\"$(SRCROOT)/$(TARGET_NAME)\"",
					"\"$(SRCROOT)/$(TARGET_NAME)\"",
					"\"$(SRCROOT)/$(TARGET_NAME)\"",
					"\"$(SRCROOT)/$(TARGET_NAME)\"",
					"\"$(SRCROOT)/$(TARGET_NAME)\"",
				);
				OTHER_LDFLAGS = (
					"-ObjC",
					"-lc++",
				);
				PRODUCT_BUNDLE_IDENTIFIER = "org.reactjs.native.example.$(PRODUCT_NAME:rfc1034identifier)";
				PRODUCT_NAME = "$(TARGET_NAME)";
				TEST_HOST = "$(BUILT_PRODUCTS_DIR)/wishbox.app/wishbox";
			};
			name = Debug;
		};
		00E356F71AD99517003FC87E /* Release */ = {
			isa = XCBuildConfiguration;
			buildSettings = {
				BUNDLE_LOADER = "$(TEST_HOST)";
				COPY_PHASE_STRIP = NO;
				DEVELOPMENT_TEAM = 488B4W32U2;
				HEADER_SEARCH_PATHS = (
					"$(inherited)",
					"$(SRCROOT)/../node_modules/react-native-config/ios/ReactNativeConfig",
					"$(SRCROOT)/../node_modules/react-native-device-info/RNDeviceInfo",
					"$(SRCROOT)/../node_modules/react-native-vector-icons/RNVectorIconsManager",
					"$(SRCROOT)/../node_modules/react-native-i18n/RNI18n",
					"$(SRCROOT)/../node_modules/react-native-code-push/ios/CodePush/**",
					"$(SRCROOT)/../node_modules/react-native-image-picker/ios",
					"$(SRCROOT)/../node_modules/react-native-simple-toast/ios/LRDRCTSimpleToast",
					"$(SRCROOT)/../node_modules/react-native-splash-screen/ios",
					"$(SRCROOT)/../node_modules/react-native-fetch-blob/ios/**",
					"$(SRCROOT)/../node_modules/react-native-notifications/RNNotifications",
					"$(SRCROOT)/../node_modules/react-native-photo-view/ios/**",
					"$(SRCROOT)/../node_modules/react-native-google-analytics-bridge/ios/RCTGoogleAnalyticsBridge/**",
				);
				INFOPLIST_FILE = wishboxTests/Info.plist;
				IPHONEOS_DEPLOYMENT_TARGET = 8.0;
				LD_RUNPATH_SEARCH_PATHS = "$(inherited) @executable_path/Frameworks @loader_path/Frameworks";
				LIBRARY_SEARCH_PATHS = (
					"$(inherited)",
					"\"$(SRCROOT)/$(TARGET_NAME)\"",
					"\"$(SRCROOT)/$(TARGET_NAME)\"",
					"\"$(SRCROOT)/$(TARGET_NAME)\"",
					"\"$(SRCROOT)/$(TARGET_NAME)\"",
					"\"$(SRCROOT)/$(TARGET_NAME)\"",
				);
				OTHER_LDFLAGS = (
					"-ObjC",
					"-lc++",
				);
				PRODUCT_BUNDLE_IDENTIFIER = "org.reactjs.native.example.$(PRODUCT_NAME:rfc1034identifier)";
				PRODUCT_NAME = "$(TARGET_NAME)";
				TEST_HOST = "$(BUILT_PRODUCTS_DIR)/wishbox.app/wishbox";
			};
			name = Release;
		};
		13B07F941A680F5B00A75B9A /* Debug */ = {
			isa = XCBuildConfiguration;
			buildSettings = {
				ASSETCATALOG_COMPILER_APPICON_NAME = AppIcon;
				CODE_SIGN_ENTITLEMENTS = wishbox/wishbox.entitlements;
				CURRENT_PROJECT_VERSION = 1;
				DEAD_CODE_STRIPPING = NO;
				DEVELOPMENT_TEAM = 488B4W32U2;
				HEADER_SEARCH_PATHS = (
					"$(inherited)",
					"$(SRCROOT)/../node_modules/react-native-config/ios/ReactNativeConfig",
					"$(SRCROOT)/../node_modules/react-native-device-info/RNDeviceInfo",
					"$(SRCROOT)/../node_modules/react-native-vector-icons/RNVectorIconsManager",
					"$(SRCROOT)/../node_modules/react-native-i18n/RNI18n",
					"$(SRCROOT)/../node_modules/react-native-code-push/ios/CodePush/**",
					"$(SRCROOT)/../node_modules/react-native-image-picker/ios",
					"$(SRCROOT)/../node_modules/react-native-simple-toast/ios/LRDRCTSimpleToast",
					"$(SRCROOT)/../node_modules/react-native-splash-screen/ios",
					"$(SRCROOT)/../node_modules/react-native-fetch-blob/ios/**",
					"$(SRCROOT)/../node_modules/react-native-notifications/RNNotifications",
					"$(SRCROOT)/../node_modules/react-native-photo-view/ios/**",
					"$(SRCROOT)/../node_modules/react-native-google-analytics-bridge/ios/RCTGoogleAnalyticsBridge/**",
				);
				INFOPLIST_FILE = wishbox/Info.plist;
				LD_RUNPATH_SEARCH_PATHS = "$(inherited) @executable_path/Frameworks";
				LIBRARY_SEARCH_PATHS = (
					"$(inherited)",
					"$(PROJECT_DIR)/ios",
				);
				OTHER_LDFLAGS = (
					"$(inherited)",
					"-ObjC",
					"-lc++",
				);
				PRODUCT_BUNDLE_IDENTIFIER = com.appcenter.wishbox;
				PRODUCT_NAME = wishbox;
				VERSIONING_SYSTEM = "apple-generic";
			};
			name = Debug;
		};
		13B07F951A680F5B00A75B9A /* Release */ = {
			isa = XCBuildConfiguration;
			buildSettings = {
				ASSETCATALOG_COMPILER_APPICON_NAME = AppIcon;
				CODE_SIGN_ENTITLEMENTS = wishbox/wishbox.entitlements;
				CURRENT_PROJECT_VERSION = 1;
				DEVELOPMENT_TEAM = 488B4W32U2;
				HEADER_SEARCH_PATHS = (
					"$(inherited)",
					"$(SRCROOT)/../node_modules/react-native-config/ios/ReactNativeConfig",
					"$(SRCROOT)/../node_modules/react-native-device-info/RNDeviceInfo",
					"$(SRCROOT)/../node_modules/react-native-vector-icons/RNVectorIconsManager",
					"$(SRCROOT)/../node_modules/react-native-i18n/RNI18n",
					"$(SRCROOT)/../node_modules/react-native-code-push/ios/CodePush/**",
					"$(SRCROOT)/../node_modules/react-native-image-picker/ios",
					"$(SRCROOT)/../node_modules/react-native-simple-toast/ios/LRDRCTSimpleToast",
					"$(SRCROOT)/../node_modules/react-native-splash-screen/ios",
					"$(SRCROOT)/../node_modules/react-native-fetch-blob/ios/**",
					"$(SRCROOT)/../node_modules/react-native-notifications/RNNotifications",
					"$(SRCROOT)/../node_modules/react-native-photo-view/ios/**",
					"$(SRCROOT)/../node_modules/react-native-google-analytics-bridge/ios/RCTGoogleAnalyticsBridge/**",
				);
				INFOPLIST_FILE = wishbox/Info.plist;
				LD_RUNPATH_SEARCH_PATHS = "$(inherited) @executable_path/Frameworks";
				LIBRARY_SEARCH_PATHS = (
					"$(inherited)",
					"$(PROJECT_DIR)/ios",
				);
				OTHER_LDFLAGS = (
					"$(inherited)",
					"-ObjC",
					"-lc++",
				);
				PRODUCT_BUNDLE_IDENTIFIER = com.appcenter.wishbox;
				PRODUCT_NAME = wishbox;
				VERSIONING_SYSTEM = "apple-generic";
			};
			name = Release;
		};
		2D02E4971E0B4A5E006451C7 /* Debug */ = {
			isa = XCBuildConfiguration;
			buildSettings = {
				ASSETCATALOG_COMPILER_APPICON_NAME = "App Icon & Top Shelf Image";
				ASSETCATALOG_COMPILER_LAUNCHIMAGE_NAME = LaunchImage;
				CLANG_ANALYZER_NONNULL = YES;
				CLANG_WARN_DOCUMENTATION_COMMENTS = YES;
				CLANG_WARN_INFINITE_RECURSION = YES;
				CLANG_WARN_SUSPICIOUS_MOVE = YES;
				DEBUG_INFORMATION_FORMAT = dwarf;
				DEVELOPMENT_TEAM = "";
				ENABLE_TESTABILITY = YES;
				GCC_NO_COMMON_BLOCKS = YES;
				HEADER_SEARCH_PATHS = (
					"$(inherited)",
					"$(SRCROOT)/../node_modules/react-native-config/ios/ReactNativeConfig",
					"$(SRCROOT)/../node_modules/react-native-device-info/RNDeviceInfo",
					"$(SRCROOT)/../node_modules/react-native-vector-icons/RNVectorIconsManager",
					"$(SRCROOT)/../node_modules/react-native-i18n/RNI18n",
					"$(SRCROOT)/../node_modules/react-native-code-push/ios/CodePush/**",
					"$(SRCROOT)/../node_modules/react-native-image-picker/ios",
					"$(SRCROOT)/../node_modules/react-native-simple-toast/ios/LRDRCTSimpleToast",
					"$(SRCROOT)/../node_modules/react-native-splash-screen/ios",
					"$(SRCROOT)/../node_modules/react-native-fetch-blob/ios/**",
					"$(SRCROOT)/../node_modules/react-native-notifications/RNNotifications",
					"$(SRCROOT)/../node_modules/react-native-photo-view/ios/**",
					"$(SRCROOT)/../node_modules/react-native-google-analytics-bridge/ios/RCTGoogleAnalyticsBridge/**",
				);
				INFOPLIST_FILE = "wishbox-tvOS/Info.plist";
				LD_RUNPATH_SEARCH_PATHS = "$(inherited) @executable_path/Frameworks";
				LIBRARY_SEARCH_PATHS = (
					"$(inherited)",
					"\"$(SRCROOT)/$(TARGET_NAME)\"",
					"\"$(SRCROOT)/$(TARGET_NAME)\"",
					"\"$(SRCROOT)/$(TARGET_NAME)\"",
					"\"$(SRCROOT)/$(TARGET_NAME)\"",
					"\"$(SRCROOT)/$(TARGET_NAME)\"",
				);
				OTHER_LDFLAGS = (
					"-ObjC",
					"-lc++",
				);
				PRODUCT_BUNDLE_IDENTIFIER = "com.facebook.REACT.wishbox-tvOS";
				PRODUCT_NAME = "$(TARGET_NAME)";
				SDKROOT = appletvos;
				TARGETED_DEVICE_FAMILY = 3;
				TVOS_DEPLOYMENT_TARGET = 9.2;
			};
			name = Debug;
		};
		2D02E4981E0B4A5E006451C7 /* Release */ = {
			isa = XCBuildConfiguration;
			buildSettings = {
				ASSETCATALOG_COMPILER_APPICON_NAME = "App Icon & Top Shelf Image";
				ASSETCATALOG_COMPILER_LAUNCHIMAGE_NAME = LaunchImage;
				CLANG_ANALYZER_NONNULL = YES;
				CLANG_WARN_DOCUMENTATION_COMMENTS = YES;
				CLANG_WARN_INFINITE_RECURSION = YES;
				CLANG_WARN_SUSPICIOUS_MOVE = YES;
				COPY_PHASE_STRIP = NO;
				DEBUG_INFORMATION_FORMAT = "dwarf-with-dsym";
				DEVELOPMENT_TEAM = "";
				GCC_NO_COMMON_BLOCKS = YES;
				HEADER_SEARCH_PATHS = (
					"$(inherited)",
					"$(SRCROOT)/../node_modules/react-native-config/ios/ReactNativeConfig",
					"$(SRCROOT)/../node_modules/react-native-device-info/RNDeviceInfo",
					"$(SRCROOT)/../node_modules/react-native-vector-icons/RNVectorIconsManager",
					"$(SRCROOT)/../node_modules/react-native-i18n/RNI18n",
					"$(SRCROOT)/../node_modules/react-native-code-push/ios/CodePush/**",
					"$(SRCROOT)/../node_modules/react-native-image-picker/ios",
					"$(SRCROOT)/../node_modules/react-native-simple-toast/ios/LRDRCTSimpleToast",
					"$(SRCROOT)/../node_modules/react-native-splash-screen/ios",
					"$(SRCROOT)/../node_modules/react-native-fetch-blob/ios/**",
					"$(SRCROOT)/../node_modules/react-native-notifications/RNNotifications",
					"$(SRCROOT)/../node_modules/react-native-photo-view/ios/**",
					"$(SRCROOT)/../node_modules/react-native-google-analytics-bridge/ios/RCTGoogleAnalyticsBridge/**",
				);
				INFOPLIST_FILE = "wishbox-tvOS/Info.plist";
				LD_RUNPATH_SEARCH_PATHS = "$(inherited) @executable_path/Frameworks";
				LIBRARY_SEARCH_PATHS = (
					"$(inherited)",
					"\"$(SRCROOT)/$(TARGET_NAME)\"",
					"\"$(SRCROOT)/$(TARGET_NAME)\"",
					"\"$(SRCROOT)/$(TARGET_NAME)\"",
					"\"$(SRCROOT)/$(TARGET_NAME)\"",
					"\"$(SRCROOT)/$(TARGET_NAME)\"",
				);
				OTHER_LDFLAGS = (
					"-ObjC",
					"-lc++",
				);
				PRODUCT_BUNDLE_IDENTIFIER = "com.facebook.REACT.wishbox-tvOS";
				PRODUCT_NAME = "$(TARGET_NAME)";
				SDKROOT = appletvos;
				TARGETED_DEVICE_FAMILY = 3;
				TVOS_DEPLOYMENT_TARGET = 9.2;
			};
			name = Release;
		};
		2D02E4991E0B4A5E006451C7 /* Debug */ = {
			isa = XCBuildConfiguration;
			buildSettings = {
				BUNDLE_LOADER = "$(TEST_HOST)";
				CLANG_ANALYZER_NONNULL = YES;
				CLANG_WARN_DOCUMENTATION_COMMENTS = YES;
				CLANG_WARN_INFINITE_RECURSION = YES;
				CLANG_WARN_SUSPICIOUS_MOVE = YES;
				DEBUG_INFORMATION_FORMAT = dwarf;
				DEVELOPMENT_TEAM = "";
				ENABLE_TESTABILITY = YES;
				GCC_NO_COMMON_BLOCKS = YES;
				INFOPLIST_FILE = "wishbox-tvOSTests/Info.plist";
				LD_RUNPATH_SEARCH_PATHS = "$(inherited) @executable_path/Frameworks @loader_path/Frameworks";
				LIBRARY_SEARCH_PATHS = (
					"$(inherited)",
					"\"$(SRCROOT)/$(TARGET_NAME)\"",
					"\"$(SRCROOT)/$(TARGET_NAME)\"",
					"\"$(SRCROOT)/$(TARGET_NAME)\"",
					"\"$(SRCROOT)/$(TARGET_NAME)\"",
					"\"$(SRCROOT)/$(TARGET_NAME)\"",
				);
				PRODUCT_BUNDLE_IDENTIFIER = "com.facebook.REACT.wishbox-tvOSTests";
				PRODUCT_NAME = "$(TARGET_NAME)";
				SDKROOT = appletvos;
				TEST_HOST = "$(BUILT_PRODUCTS_DIR)/wishbox-tvOS.app/wishbox-tvOS";
				TVOS_DEPLOYMENT_TARGET = 10.1;
			};
			name = Debug;
		};
		2D02E49A1E0B4A5E006451C7 /* Release */ = {
			isa = XCBuildConfiguration;
			buildSettings = {
				BUNDLE_LOADER = "$(TEST_HOST)";
				CLANG_ANALYZER_NONNULL = YES;
				CLANG_WARN_DOCUMENTATION_COMMENTS = YES;
				CLANG_WARN_INFINITE_RECURSION = YES;
				CLANG_WARN_SUSPICIOUS_MOVE = YES;
				COPY_PHASE_STRIP = NO;
				DEBUG_INFORMATION_FORMAT = "dwarf-with-dsym";
				DEVELOPMENT_TEAM = "";
				GCC_NO_COMMON_BLOCKS = YES;
				INFOPLIST_FILE = "wishbox-tvOSTests/Info.plist";
				LD_RUNPATH_SEARCH_PATHS = "$(inherited) @executable_path/Frameworks @loader_path/Frameworks";
				LIBRARY_SEARCH_PATHS = (
					"$(inherited)",
					"\"$(SRCROOT)/$(TARGET_NAME)\"",
					"\"$(SRCROOT)/$(TARGET_NAME)\"",
					"\"$(SRCROOT)/$(TARGET_NAME)\"",
					"\"$(SRCROOT)/$(TARGET_NAME)\"",
					"\"$(SRCROOT)/$(TARGET_NAME)\"",
				);
				PRODUCT_BUNDLE_IDENTIFIER = "com.facebook.REACT.wishbox-tvOSTests";
				PRODUCT_NAME = "$(TARGET_NAME)";
				SDKROOT = appletvos;
				TEST_HOST = "$(BUILT_PRODUCTS_DIR)/wishbox-tvOS.app/wishbox-tvOS";
				TVOS_DEPLOYMENT_TARGET = 10.1;
			};
			name = Release;
		};
		83CBBA201A601CBA00E9B192 /* Debug */ = {
			isa = XCBuildConfiguration;
			buildSettings = {
				ALWAYS_SEARCH_USER_PATHS = NO;
				CLANG_CXX_LANGUAGE_STANDARD = "gnu++0x";
				CLANG_CXX_LIBRARY = "libc++";
				CLANG_ENABLE_MODULES = YES;
				CLANG_ENABLE_OBJC_ARC = YES;
				CLANG_WARN_BLOCK_CAPTURE_AUTORELEASING = YES;
				CLANG_WARN_BOOL_CONVERSION = YES;
				CLANG_WARN_COMMA = YES;
				CLANG_WARN_CONSTANT_CONVERSION = YES;
				CLANG_WARN_DIRECT_OBJC_ISA_USAGE = YES_ERROR;
				CLANG_WARN_EMPTY_BODY = YES;
				CLANG_WARN_ENUM_CONVERSION = YES;
				CLANG_WARN_INFINITE_RECURSION = YES;
				CLANG_WARN_INT_CONVERSION = YES;
				CLANG_WARN_NON_LITERAL_NULL_CONVERSION = YES;
				CLANG_WARN_OBJC_LITERAL_CONVERSION = YES;
				CLANG_WARN_OBJC_ROOT_CLASS = YES_ERROR;
				CLANG_WARN_RANGE_LOOP_ANALYSIS = YES;
				CLANG_WARN_STRICT_PROTOTYPES = YES;
				CLANG_WARN_SUSPICIOUS_MOVE = YES;
				CLANG_WARN_UNREACHABLE_CODE = YES;
				CLANG_WARN__DUPLICATE_METHOD_MATCH = YES;
				"CODE_SIGN_IDENTITY[sdk=iphoneos*]" = "iPhone Developer";
				COPY_PHASE_STRIP = NO;
				ENABLE_STRICT_OBJC_MSGSEND = YES;
				ENABLE_TESTABILITY = YES;
				GCC_C_LANGUAGE_STANDARD = gnu99;
				GCC_DYNAMIC_NO_PIC = NO;
				GCC_NO_COMMON_BLOCKS = YES;
				GCC_OPTIMIZATION_LEVEL = 0;
				GCC_PREPROCESSOR_DEFINITIONS = (
					"DEBUG=1",
					"$(inherited)",
				);
				GCC_SYMBOLS_PRIVATE_EXTERN = NO;
				GCC_WARN_64_TO_32_BIT_CONVERSION = YES;
				GCC_WARN_ABOUT_RETURN_TYPE = YES_ERROR;
				GCC_WARN_UNDECLARED_SELECTOR = YES;
				GCC_WARN_UNINITIALIZED_AUTOS = YES_AGGRESSIVE;
				GCC_WARN_UNUSED_FUNCTION = YES;
				GCC_WARN_UNUSED_VARIABLE = YES;
				IPHONEOS_DEPLOYMENT_TARGET = 8.0;
				MTL_ENABLE_DEBUG_INFO = YES;
				ONLY_ACTIVE_ARCH = YES;
				SDKROOT = iphoneos;
			};
			name = Debug;
		};
		83CBBA211A601CBA00E9B192 /* Release */ = {
			isa = XCBuildConfiguration;
			buildSettings = {
				ALWAYS_SEARCH_USER_PATHS = NO;
				CLANG_CXX_LANGUAGE_STANDARD = "gnu++0x";
				CLANG_CXX_LIBRARY = "libc++";
				CLANG_ENABLE_MODULES = YES;
				CLANG_ENABLE_OBJC_ARC = YES;
				CLANG_WARN_BLOCK_CAPTURE_AUTORELEASING = YES;
				CLANG_WARN_BOOL_CONVERSION = YES;
				CLANG_WARN_COMMA = YES;
				CLANG_WARN_CONSTANT_CONVERSION = YES;
				CLANG_WARN_DIRECT_OBJC_ISA_USAGE = YES_ERROR;
				CLANG_WARN_EMPTY_BODY = YES;
				CLANG_WARN_ENUM_CONVERSION = YES;
				CLANG_WARN_INFINITE_RECURSION = YES;
				CLANG_WARN_INT_CONVERSION = YES;
				CLANG_WARN_NON_LITERAL_NULL_CONVERSION = YES;
				CLANG_WARN_OBJC_LITERAL_CONVERSION = YES;
				CLANG_WARN_OBJC_ROOT_CLASS = YES_ERROR;
				CLANG_WARN_RANGE_LOOP_ANALYSIS = YES;
				CLANG_WARN_STRICT_PROTOTYPES = YES;
				CLANG_WARN_SUSPICIOUS_MOVE = YES;
				CLANG_WARN_UNREACHABLE_CODE = YES;
				CLANG_WARN__DUPLICATE_METHOD_MATCH = YES;
				"CODE_SIGN_IDENTITY[sdk=iphoneos*]" = "iPhone Developer";
				COPY_PHASE_STRIP = YES;
				ENABLE_NS_ASSERTIONS = NO;
				ENABLE_STRICT_OBJC_MSGSEND = YES;
				GCC_C_LANGUAGE_STANDARD = gnu99;
				GCC_NO_COMMON_BLOCKS = YES;
				GCC_WARN_64_TO_32_BIT_CONVERSION = YES;
				GCC_WARN_ABOUT_RETURN_TYPE = YES_ERROR;
				GCC_WARN_UNDECLARED_SELECTOR = YES;
				GCC_WARN_UNINITIALIZED_AUTOS = YES_AGGRESSIVE;
				GCC_WARN_UNUSED_FUNCTION = YES;
				GCC_WARN_UNUSED_VARIABLE = YES;
				IPHONEOS_DEPLOYMENT_TARGET = 8.0;
				MTL_ENABLE_DEBUG_INFO = NO;
				SDKROOT = iphoneos;
				VALIDATE_PRODUCT = YES;
			};
			name = Release;
		};
/* End XCBuildConfiguration section */

/* Begin XCConfigurationList section */
		00E357021AD99517003FC87E /* Build configuration list for PBXNativeTarget "wishboxTests" */ = {
			isa = XCConfigurationList;
			buildConfigurations = (
				00E356F61AD99517003FC87E /* Debug */,
				00E356F71AD99517003FC87E /* Release */,
			);
			defaultConfigurationIsVisible = 0;
			defaultConfigurationName = Release;
		};
		13B07F931A680F5B00A75B9A /* Build configuration list for PBXNativeTarget "wishbox" */ = {
			isa = XCConfigurationList;
			buildConfigurations = (
				13B07F941A680F5B00A75B9A /* Debug */,
				13B07F951A680F5B00A75B9A /* Release */,
			);
			defaultConfigurationIsVisible = 0;
			defaultConfigurationName = Release;
		};
		2D02E4BA1E0B4A5E006451C7 /* Build configuration list for PBXNativeTarget "wishbox-tvOS" */ = {
			isa = XCConfigurationList;
			buildConfigurations = (
				2D02E4971E0B4A5E006451C7 /* Debug */,
				2D02E4981E0B4A5E006451C7 /* Release */,
			);
			defaultConfigurationIsVisible = 0;
			defaultConfigurationName = Release;
		};
		2D02E4BB1E0B4A5E006451C7 /* Build configuration list for PBXNativeTarget "wishbox-tvOSTests" */ = {
			isa = XCConfigurationList;
			buildConfigurations = (
				2D02E4991E0B4A5E006451C7 /* Debug */,
				2D02E49A1E0B4A5E006451C7 /* Release */,
			);
			defaultConfigurationIsVisible = 0;
			defaultConfigurationName = Release;
		};
		83CBB9FA1A601CBA00E9B192 /* Build configuration list for PBXProject "wishbox" */ = {
			isa = XCConfigurationList;
			buildConfigurations = (
				83CBBA201A601CBA00E9B192 /* Debug */,
				83CBBA211A601CBA00E9B192 /* Release */,
			);
			defaultConfigurationIsVisible = 0;
			defaultConfigurationName = Release;
		};
/* End XCConfigurationList section */
	};
	rootObject = 83CBB9F71A601CBA00E9B192 /* Project object */;
}
